// !$*UTF8*$!
{
	archiveVersion = 1;
	classes = {
	};
	objectVersion = 56;
	objects = {

/* Begin PBXBuildFile section */
		A90376352C60436B00C8EC09 /* main.swift in Sources */ = {isa = PBXBuildFile; fileRef = A90376342C60436B00C8EC09 /* main.swift */; };
		A90376402C60458900C8EC09 /* main.swift in Sources */ = {isa = PBXBuildFile; fileRef = A903763F2C60458900C8EC09 /* main.swift */; };
		A90B00012C4F232E00780254 /* main.swift in Sources */ = {isa = PBXBuildFile; fileRef = A90B00002C4F232E00780254 /* main.swift */; };
		A90B000C2C4F24C200780254 /* main.swift in Sources */ = {isa = PBXBuildFile; fileRef = A90B000B2C4F24C200780254 /* main.swift */; };
		A90B00172C4F260200780254 /* main.swift in Sources */ = {isa = PBXBuildFile; fileRef = A90B00162C4F260200780254 /* main.swift */; };
		A90BFFEB2C4F1C4400780254 /* main.swift in Sources */ = {isa = PBXBuildFile; fileRef = A90BFFEA2C4F1C4400780254 /* main.swift */; };
		A90BFFF62C4F1DE100780254 /* main.swift in Sources */ = {isa = PBXBuildFile; fileRef = A90BFFF52C4F1DE100780254 /* main.swift */; };
		A9314AFB2C53A23200A65392 /* main.swift in Sources */ = {isa = PBXBuildFile; fileRef = A9314AFA2C53A23200A65392 /* main.swift */; };
		A9314B062C53A2AF00A65392 /* main.swift in Sources */ = {isa = PBXBuildFile; fileRef = A9314B052C53A2AF00A65392 /* main.swift */; };
		A9314B112C53A4AC00A65392 /* main.swift in Sources */ = {isa = PBXBuildFile; fileRef = A9314B102C53A4AC00A65392 /* main.swift */; };
		A9314B1C2C53A84D00A65392 /* main.swift in Sources */ = {isa = PBXBuildFile; fileRef = A9314B1B2C53A84D00A65392 /* main.swift */; };
		A9314B272C5FA84300A65392 /* main.swift in Sources */ = {isa = PBXBuildFile; fileRef = A9314B262C5FA84300A65392 /* main.swift */; };
		A9A6D7722C51BFF0001DB0D9 /* main.swift in Sources */ = {isa = PBXBuildFile; fileRef = A9A6D7712C51BFF0001DB0D9 /* main.swift */; };
		A9A6D77D2C51C482001DB0D9 /* main.swift in Sources */ = {isa = PBXBuildFile; fileRef = A9A6D77C2C51C482001DB0D9 /* main.swift */; };
		A9A6D7882C51C69F001DB0D9 /* main.swift in Sources */ = {isa = PBXBuildFile; fileRef = A9A6D7872C51C69F001DB0D9 /* main.swift */; };
		A9A6D7932C51C821001DB0D9 /* main.swift in Sources */ = {isa = PBXBuildFile; fileRef = A9A6D7922C51C821001DB0D9 /* main.swift */; };
		A9A6D79E2C51CB35001DB0D9 /* main.swift in Sources */ = {isa = PBXBuildFile; fileRef = A9A6D79D2C51CB35001DB0D9 /* main.swift */; };
		A9F7FCE02C4E624800705039 /* main.swift in Sources */ = {isa = PBXBuildFile; fileRef = A9F7FCDF2C4E624800705039 /* main.swift */; };
		A9F7FCEB2C4E626300705039 /* main.swift in Sources */ = {isa = PBXBuildFile; fileRef = A9F7FCEA2C4E626300705039 /* main.swift */; };
		A9F7FCF62C4E627B00705039 /* main.swift in Sources */ = {isa = PBXBuildFile; fileRef = A9F7FCF52C4E627B00705039 /* main.swift */; };
		A9F7FD012C4E628F00705039 /* main.swift in Sources */ = {isa = PBXBuildFile; fileRef = A9F7FD002C4E628F00705039 /* main.swift */; };
		A9F7FD0C2C4E62A600705039 /* main.swift in Sources */ = {isa = PBXBuildFile; fileRef = A9F7FD0B2C4E62A600705039 /* main.swift */; };
		A9F7FD172C4E62B800705039 /* main.swift in Sources */ = {isa = PBXBuildFile; fileRef = A9F7FD162C4E62B800705039 /* main.swift */; };
		A9F7FD222C4E62C900705039 /* main.swift in Sources */ = {isa = PBXBuildFile; fileRef = A9F7FD212C4E62C900705039 /* main.swift */; };
		A9F7FD2D2C4E635500705039 /* main.swift in Sources */ = {isa = PBXBuildFile; fileRef = A9F7FD2C2C4E635500705039 /* main.swift */; };
		A9F7FD382C4E652B00705039 /* main.swift in Sources */ = {isa = PBXBuildFile; fileRef = A9F7FD372C4E652B00705039 /* main.swift */; };
		A9F7FD432C4E65A700705039 /* main.swift in Sources */ = {isa = PBXBuildFile; fileRef = A9F7FD422C4E65A700705039 /* main.swift */; };
/* End PBXBuildFile section */

/* Begin PBXCopyFilesBuildPhase section */
		A90376302C60436B00C8EC09 /* CopyFiles */ = {
			isa = PBXCopyFilesBuildPhase;
			buildActionMask = 2147483647;
			dstPath = /usr/share/man/man1/;
			dstSubfolderSpec = 0;
			files = (
			);
			runOnlyForDeploymentPostprocessing = 1;
		};
		A903763B2C60458900C8EC09 /* CopyFiles */ = {
			isa = PBXCopyFilesBuildPhase;
			buildActionMask = 2147483647;
			dstPath = /usr/share/man/man1/;
			dstSubfolderSpec = 0;
			files = (
			);
			runOnlyForDeploymentPostprocessing = 1;
		};
		A90B00072C4F24C200780254 /* CopyFiles */ = {
			isa = PBXCopyFilesBuildPhase;
			buildActionMask = 2147483647;
			dstPath = /usr/share/man/man1/;
			dstSubfolderSpec = 0;
			files = (
			);
			runOnlyForDeploymentPostprocessing = 1;
		};
		A90B00122C4F260200780254 /* CopyFiles */ = {
			isa = PBXCopyFilesBuildPhase;
			buildActionMask = 2147483647;
			dstPath = /usr/share/man/man1/;
			dstSubfolderSpec = 0;
			files = (
			);
			runOnlyForDeploymentPostprocessing = 1;
		};
		A90BFFE62C4F1C4400780254 /* CopyFiles */ = {
			isa = PBXCopyFilesBuildPhase;
			buildActionMask = 2147483647;
			dstPath = /usr/share/man/man1/;
			dstSubfolderSpec = 0;
			files = (
			);
			runOnlyForDeploymentPostprocessing = 1;
		};
		A90BFFF12C4F1DE100780254 /* CopyFiles */ = {
			isa = PBXCopyFilesBuildPhase;
			buildActionMask = 2147483647;
			dstPath = /usr/share/man/man1/;
			dstSubfolderSpec = 0;
			files = (
			);
			runOnlyForDeploymentPostprocessing = 1;
		};
		A90BFFFC2C4F232E00780254 /* CopyFiles */ = {
			isa = PBXCopyFilesBuildPhase;
			buildActionMask = 2147483647;
			dstPath = /usr/share/man/man1/;
			dstSubfolderSpec = 0;
			files = (
			);
			runOnlyForDeploymentPostprocessing = 1;
		};
		A9314AF62C53A23200A65392 /* CopyFiles */ = {
			isa = PBXCopyFilesBuildPhase;
			buildActionMask = 2147483647;
			dstPath = /usr/share/man/man1/;
			dstSubfolderSpec = 0;
			files = (
			);
			runOnlyForDeploymentPostprocessing = 1;
		};
		A9314B012C53A2AF00A65392 /* CopyFiles */ = {
			isa = PBXCopyFilesBuildPhase;
			buildActionMask = 2147483647;
			dstPath = /usr/share/man/man1/;
			dstSubfolderSpec = 0;
			files = (
			);
			runOnlyForDeploymentPostprocessing = 1;
		};
		A9314B0C2C53A4AC00A65392 /* CopyFiles */ = {
			isa = PBXCopyFilesBuildPhase;
			buildActionMask = 2147483647;
			dstPath = /usr/share/man/man1/;
			dstSubfolderSpec = 0;
			files = (
			);
			runOnlyForDeploymentPostprocessing = 1;
		};
		A9314B172C53A84D00A65392 /* CopyFiles */ = {
			isa = PBXCopyFilesBuildPhase;
			buildActionMask = 2147483647;
			dstPath = /usr/share/man/man1/;
			dstSubfolderSpec = 0;
			files = (
			);
			runOnlyForDeploymentPostprocessing = 1;
		};
		A9314B222C5FA84300A65392 /* CopyFiles */ = {
			isa = PBXCopyFilesBuildPhase;
			buildActionMask = 2147483647;
			dstPath = /usr/share/man/man1/;
			dstSubfolderSpec = 0;
			files = (
			);
			runOnlyForDeploymentPostprocessing = 1;
		};
		A9A6D76D2C51BFF0001DB0D9 /* CopyFiles */ = {
			isa = PBXCopyFilesBuildPhase;
			buildActionMask = 2147483647;
			dstPath = /usr/share/man/man1/;
			dstSubfolderSpec = 0;
			files = (
			);
			runOnlyForDeploymentPostprocessing = 1;
		};
		A9A6D7782C51C482001DB0D9 /* CopyFiles */ = {
			isa = PBXCopyFilesBuildPhase;
			buildActionMask = 2147483647;
			dstPath = /usr/share/man/man1/;
			dstSubfolderSpec = 0;
			files = (
			);
			runOnlyForDeploymentPostprocessing = 1;
		};
		A9A6D7832C51C69F001DB0D9 /* CopyFiles */ = {
			isa = PBXCopyFilesBuildPhase;
			buildActionMask = 2147483647;
			dstPath = /usr/share/man/man1/;
			dstSubfolderSpec = 0;
			files = (
			);
			runOnlyForDeploymentPostprocessing = 1;
		};
		A9A6D78E2C51C821001DB0D9 /* CopyFiles */ = {
			isa = PBXCopyFilesBuildPhase;
			buildActionMask = 2147483647;
			dstPath = /usr/share/man/man1/;
			dstSubfolderSpec = 0;
			files = (
			);
			runOnlyForDeploymentPostprocessing = 1;
		};
		A9A6D7992C51CB35001DB0D9 /* CopyFiles */ = {
			isa = PBXCopyFilesBuildPhase;
			buildActionMask = 2147483647;
			dstPath = /usr/share/man/man1/;
			dstSubfolderSpec = 0;
			files = (
			);
			runOnlyForDeploymentPostprocessing = 1;
		};
		A9F7FCDB2C4E624800705039 /* CopyFiles */ = {
			isa = PBXCopyFilesBuildPhase;
			buildActionMask = 2147483647;
			dstPath = /usr/share/man/man1/;
			dstSubfolderSpec = 0;
			files = (
			);
			runOnlyForDeploymentPostprocessing = 1;
		};
		A9F7FCE62C4E626300705039 /* CopyFiles */ = {
			isa = PBXCopyFilesBuildPhase;
			buildActionMask = 2147483647;
			dstPath = /usr/share/man/man1/;
			dstSubfolderSpec = 0;
			files = (
			);
			runOnlyForDeploymentPostprocessing = 1;
		};
		A9F7FCF12C4E627B00705039 /* CopyFiles */ = {
			isa = PBXCopyFilesBuildPhase;
			buildActionMask = 2147483647;
			dstPath = /usr/share/man/man1/;
			dstSubfolderSpec = 0;
			files = (
			);
			runOnlyForDeploymentPostprocessing = 1;
		};
		A9F7FCFC2C4E628F00705039 /* CopyFiles */ = {
			isa = PBXCopyFilesBuildPhase;
			buildActionMask = 2147483647;
			dstPath = /usr/share/man/man1/;
			dstSubfolderSpec = 0;
			files = (
			);
			runOnlyForDeploymentPostprocessing = 1;
		};
		A9F7FD072C4E62A600705039 /* CopyFiles */ = {
			isa = PBXCopyFilesBuildPhase;
			buildActionMask = 2147483647;
			dstPath = /usr/share/man/man1/;
			dstSubfolderSpec = 0;
			files = (
			);
			runOnlyForDeploymentPostprocessing = 1;
		};
		A9F7FD122C4E62B800705039 /* CopyFiles */ = {
			isa = PBXCopyFilesBuildPhase;
			buildActionMask = 2147483647;
			dstPath = /usr/share/man/man1/;
			dstSubfolderSpec = 0;
			files = (
			);
			runOnlyForDeploymentPostprocessing = 1;
		};
		A9F7FD1D2C4E62C900705039 /* CopyFiles */ = {
			isa = PBXCopyFilesBuildPhase;
			buildActionMask = 2147483647;
			dstPath = /usr/share/man/man1/;
			dstSubfolderSpec = 0;
			files = (
			);
			runOnlyForDeploymentPostprocessing = 1;
		};
		A9F7FD282C4E635500705039 /* CopyFiles */ = {
			isa = PBXCopyFilesBuildPhase;
			buildActionMask = 2147483647;
			dstPath = /usr/share/man/man1/;
			dstSubfolderSpec = 0;
			files = (
			);
			runOnlyForDeploymentPostprocessing = 1;
		};
		A9F7FD332C4E652B00705039 /* CopyFiles */ = {
			isa = PBXCopyFilesBuildPhase;
			buildActionMask = 2147483647;
			dstPath = /usr/share/man/man1/;
			dstSubfolderSpec = 0;
			files = (
			);
			runOnlyForDeploymentPostprocessing = 1;
		};
		A9F7FD3E2C4E65A700705039 /* CopyFiles */ = {
			isa = PBXCopyFilesBuildPhase;
			buildActionMask = 2147483647;
			dstPath = /usr/share/man/man1/;
			dstSubfolderSpec = 0;
			files = (
			);
			runOnlyForDeploymentPostprocessing = 1;
		};
/* End PBXCopyFilesBuildPhase section */

/* Begin PBXFileReference section */
		A90376322C60436B00C8EC09 /* 181914 */ = {isa = PBXFileReference; explicitFileType = "compiled.mach-o.executable"; includeInIndex = 0; path = 181914; sourceTree = BUILT_PRODUCTS_DIR; };
		A90376342C60436B00C8EC09 /* main.swift */ = {isa = PBXFileReference; lastKnownFileType = sourcecode.swift; path = main.swift; sourceTree = "<group>"; };
		A903763D2C60458900C8EC09 /* 181913 */ = {isa = PBXFileReference; explicitFileType = "compiled.mach-o.executable"; includeInIndex = 0; path = 181913; sourceTree = BUILT_PRODUCTS_DIR; };
		A903763F2C60458900C8EC09 /* main.swift */ = {isa = PBXFileReference; lastKnownFileType = sourcecode.swift; path = main.swift; sourceTree = "<group>"; };
		A90B00002C4F232E00780254 /* main.swift */ = {isa = PBXFileReference; lastKnownFileType = sourcecode.swift; path = main.swift; sourceTree = "<group>"; };
		A90B00092C4F24C200780254 /* 181927 */ = {isa = PBXFileReference; explicitFileType = "compiled.mach-o.executable"; includeInIndex = 0; path = 181927; sourceTree = BUILT_PRODUCTS_DIR; };
		A90B000B2C4F24C200780254 /* main.swift */ = {isa = PBXFileReference; lastKnownFileType = sourcecode.swift; path = main.swift; sourceTree = "<group>"; };
		A90B00142C4F260200780254 /* 181926 */ = {isa = PBXFileReference; explicitFileType = "compiled.mach-o.executable"; includeInIndex = 0; path = 181926; sourceTree = BUILT_PRODUCTS_DIR; };
		A90B00162C4F260200780254 /* main.swift */ = {isa = PBXFileReference; lastKnownFileType = sourcecode.swift; path = main.swift; sourceTree = "<group>"; };
		A90BFFE82C4F1C4400780254 /* 191831 */ = {isa = PBXFileReference; explicitFileType = "compiled.mach-o.executable"; includeInIndex = 0; path = 191831; sourceTree = BUILT_PRODUCTS_DIR; };
		A90BFFEA2C4F1C4400780254 /* main.swift */ = {isa = PBXFileReference; lastKnownFileType = sourcecode.swift; path = main.swift; sourceTree = "<group>"; };
		A90BFFF32C4F1DE100780254 /* 181930 */ = {isa = PBXFileReference; explicitFileType = "compiled.mach-o.executable"; includeInIndex = 0; path = 181930; sourceTree = BUILT_PRODUCTS_DIR; };
		A90BFFF52C4F1DE100780254 /* main.swift */ = {isa = PBXFileReference; lastKnownFileType = sourcecode.swift; path = main.swift; sourceTree = "<group>"; };
		A90BFFFE2C4F232E00780254 /* 181928 */ = {isa = PBXFileReference; explicitFileType = "compiled.mach-o.executable"; includeInIndex = 0; path = 181928; sourceTree = BUILT_PRODUCTS_DIR; };
		A9314AF82C53A23200A65392 /* 181920 */ = {isa = PBXFileReference; explicitFileType = "compiled.mach-o.executable"; includeInIndex = 0; path = 181920; sourceTree = BUILT_PRODUCTS_DIR; };
		A9314AFA2C53A23200A65392 /* main.swift */ = {isa = PBXFileReference; lastKnownFileType = sourcecode.swift; path = main.swift; sourceTree = "<group>"; };
		A9314B032C53A2AF00A65392 /* 181919 */ = {isa = PBXFileReference; explicitFileType = "compiled.mach-o.executable"; includeInIndex = 0; path = 181919; sourceTree = BUILT_PRODUCTS_DIR; };
		A9314B052C53A2AF00A65392 /* main.swift */ = {isa = PBXFileReference; lastKnownFileType = sourcecode.swift; path = main.swift; sourceTree = "<group>"; };
		A9314B0E2C53A4AC00A65392 /* 181918 */ = {isa = PBXFileReference; explicitFileType = "compiled.mach-o.executable"; includeInIndex = 0; path = 181918; sourceTree = BUILT_PRODUCTS_DIR; };
		A9314B102C53A4AC00A65392 /* main.swift */ = {isa = PBXFileReference; lastKnownFileType = sourcecode.swift; path = main.swift; sourceTree = "<group>"; };
		A9314B192C53A84D00A65392 /* 181917 */ = {isa = PBXFileReference; explicitFileType = "compiled.mach-o.executable"; includeInIndex = 0; path = 181917; sourceTree = BUILT_PRODUCTS_DIR; };
		A9314B1B2C53A84D00A65392 /* main.swift */ = {isa = PBXFileReference; lastKnownFileType = sourcecode.swift; path = main.swift; sourceTree = "<group>"; };
		A9314B242C5FA84300A65392 /* 181915 */ = {isa = PBXFileReference; explicitFileType = "compiled.mach-o.executable"; includeInIndex = 0; path = 181915; sourceTree = BUILT_PRODUCTS_DIR; };
		A9314B262C5FA84300A65392 /* main.swift */ = {isa = PBXFileReference; lastKnownFileType = sourcecode.swift; path = main.swift; sourceTree = "<group>"; };
		A9A6D76F2C51BFF0001DB0D9 /* 120840 */ = {isa = PBXFileReference; explicitFileType = "compiled.mach-o.executable"; includeInIndex = 0; path = 120840; sourceTree = BUILT_PRODUCTS_DIR; };
		A9A6D7712C51BFF0001DB0D9 /* main.swift */ = {isa = PBXFileReference; lastKnownFileType = sourcecode.swift; path = main.swift; sourceTree = "<group>"; };
		A9A6D77A2C51C482001DB0D9 /* 181925 */ = {isa = PBXFileReference; explicitFileType = "compiled.mach-o.executable"; includeInIndex = 0; path = 181925; sourceTree = BUILT_PRODUCTS_DIR; };
		A9A6D77C2C51C482001DB0D9 /* main.swift */ = {isa = PBXFileReference; lastKnownFileType = sourcecode.swift; path = main.swift; sourceTree = "<group>"; };
		A9A6D7852C51C69F001DB0D9 /* 181924 */ = {isa = PBXFileReference; explicitFileType = "compiled.mach-o.executable"; includeInIndex = 0; path = 181924; sourceTree = BUILT_PRODUCTS_DIR; };
		A9A6D7872C51C69F001DB0D9 /* main.swift */ = {isa = PBXFileReference; lastKnownFileType = sourcecode.swift; path = main.swift; sourceTree = "<group>"; };
		A9A6D7902C51C821001DB0D9 /* 181923 */ = {isa = PBXFileReference; explicitFileType = "compiled.mach-o.executable"; includeInIndex = 0; path = 181923; sourceTree = BUILT_PRODUCTS_DIR; };
		A9A6D7922C51C821001DB0D9 /* main.swift */ = {isa = PBXFileReference; lastKnownFileType = sourcecode.swift; path = main.swift; sourceTree = "<group>"; };
		A9A6D79B2C51CB35001DB0D9 /* 181922 */ = {isa = PBXFileReference; explicitFileType = "compiled.mach-o.executable"; includeInIndex = 0; path = 181922; sourceTree = BUILT_PRODUCTS_DIR; };
		A9A6D79D2C51CB35001DB0D9 /* main.swift */ = {isa = PBXFileReference; lastKnownFileType = sourcecode.swift; path = main.swift; sourceTree = "<group>"; };
		A9F7FCDD2C4E624800705039 /* 181935 */ = {isa = PBXFileReference; explicitFileType = "compiled.mach-o.executable"; includeInIndex = 0; path = 181935; sourceTree = BUILT_PRODUCTS_DIR; };
		A9F7FCDF2C4E624800705039 /* main.swift */ = {isa = PBXFileReference; lastKnownFileType = sourcecode.swift; path = main.swift; sourceTree = "<group>"; };
		A9F7FCE82C4E626300705039 /* 181936 */ = {isa = PBXFileReference; explicitFileType = "compiled.mach-o.executable"; includeInIndex = 0; path = 181936; sourceTree = BUILT_PRODUCTS_DIR; };
		A9F7FCEA2C4E626300705039 /* main.swift */ = {isa = PBXFileReference; lastKnownFileType = sourcecode.swift; path = main.swift; sourceTree = "<group>"; };
		A9F7FCF32C4E627B00705039 /* 181938 */ = {isa = PBXFileReference; explicitFileType = "compiled.mach-o.executable"; includeInIndex = 0; path = 181938; sourceTree = BUILT_PRODUCTS_DIR; };
		A9F7FCF52C4E627B00705039 /* main.swift */ = {isa = PBXFileReference; lastKnownFileType = sourcecode.swift; path = main.swift; sourceTree = "<group>"; };
		A9F7FCFE2C4E628F00705039 /* 181939 */ = {isa = PBXFileReference; explicitFileType = "compiled.mach-o.executable"; includeInIndex = 0; path = 181939; sourceTree = BUILT_PRODUCTS_DIR; };
		A9F7FD002C4E628F00705039 /* main.swift */ = {isa = PBXFileReference; lastKnownFileType = sourcecode.swift; path = main.swift; sourceTree = "<group>"; };
		A9F7FD092C4E62A600705039 /* 181940 */ = {isa = PBXFileReference; explicitFileType = "compiled.mach-o.executable"; includeInIndex = 0; path = 181940; sourceTree = BUILT_PRODUCTS_DIR; };
		A9F7FD0B2C4E62A600705039 /* main.swift */ = {isa = PBXFileReference; lastKnownFileType = sourcecode.swift; path = main.swift; sourceTree = "<group>"; };
		A9F7FD142C4E62B800705039 /* 181941 */ = {isa = PBXFileReference; explicitFileType = "compiled.mach-o.executable"; includeInIndex = 0; path = 181941; sourceTree = BUILT_PRODUCTS_DIR; };
		A9F7FD162C4E62B800705039 /* main.swift */ = {isa = PBXFileReference; lastKnownFileType = sourcecode.swift; path = main.swift; sourceTree = "<group>"; };
		A9F7FD1F2C4E62C900705039 /* 181942 */ = {isa = PBXFileReference; explicitFileType = "compiled.mach-o.executable"; includeInIndex = 0; path = 181942; sourceTree = BUILT_PRODUCTS_DIR; };
		A9F7FD212C4E62C900705039 /* main.swift */ = {isa = PBXFileReference; lastKnownFileType = sourcecode.swift; path = main.swift; sourceTree = "<group>"; };
		A9F7FD2A2C4E635500705039 /* 181934 */ = {isa = PBXFileReference; explicitFileType = "compiled.mach-o.executable"; includeInIndex = 0; path = 181934; sourceTree = BUILT_PRODUCTS_DIR; };
		A9F7FD2C2C4E635500705039 /* main.swift */ = {isa = PBXFileReference; lastKnownFileType = sourcecode.swift; path = main.swift; sourceTree = "<group>"; };
		A9F7FD352C4E652B00705039 /* 181933 */ = {isa = PBXFileReference; explicitFileType = "compiled.mach-o.executable"; includeInIndex = 0; path = 181933; sourceTree = BUILT_PRODUCTS_DIR; };
		A9F7FD372C4E652B00705039 /* main.swift */ = {isa = PBXFileReference; lastKnownFileType = sourcecode.swift; path = main.swift; sourceTree = "<group>"; };
		A9F7FD402C4E65A700705039 /* 181932 */ = {isa = PBXFileReference; explicitFileType = "compiled.mach-o.executable"; includeInIndex = 0; path = 181932; sourceTree = BUILT_PRODUCTS_DIR; };
		A9F7FD422C4E65A700705039 /* main.swift */ = {isa = PBXFileReference; lastKnownFileType = sourcecode.swift; path = main.swift; sourceTree = "<group>"; };
/* End PBXFileReference section */

/* Begin PBXFrameworksBuildPhase section */
		A903762F2C60436B00C8EC09 /* Frameworks */ = {
			isa = PBXFrameworksBuildPhase;
			buildActionMask = 2147483647;
			files = (
			);
			runOnlyForDeploymentPostprocessing = 0;
		};
		A903763A2C60458900C8EC09 /* Frameworks */ = {
			isa = PBXFrameworksBuildPhase;
			buildActionMask = 2147483647;
			files = (
			);
			runOnlyForDeploymentPostprocessing = 0;
		};
		A90B00062C4F24C200780254 /* Frameworks */ = {
			isa = PBXFrameworksBuildPhase;
			buildActionMask = 2147483647;
			files = (
			);
			runOnlyForDeploymentPostprocessing = 0;
		};
		A90B00112C4F260200780254 /* Frameworks */ = {
			isa = PBXFrameworksBuildPhase;
			buildActionMask = 2147483647;
			files = (
			);
			runOnlyForDeploymentPostprocessing = 0;
		};
		A90BFFE52C4F1C4400780254 /* Frameworks */ = {
			isa = PBXFrameworksBuildPhase;
			buildActionMask = 2147483647;
			files = (
			);
			runOnlyForDeploymentPostprocessing = 0;
		};
		A90BFFF02C4F1DE100780254 /* Frameworks */ = {
			isa = PBXFrameworksBuildPhase;
			buildActionMask = 2147483647;
			files = (
			);
			runOnlyForDeploymentPostprocessing = 0;
		};
		A90BFFFB2C4F232E00780254 /* Frameworks */ = {
			isa = PBXFrameworksBuildPhase;
			buildActionMask = 2147483647;
			files = (
			);
			runOnlyForDeploymentPostprocessing = 0;
		};
		A9314AF52C53A23200A65392 /* Frameworks */ = {
			isa = PBXFrameworksBuildPhase;
			buildActionMask = 2147483647;
			files = (
			);
			runOnlyForDeploymentPostprocessing = 0;
		};
		A9314B002C53A2AF00A65392 /* Frameworks */ = {
			isa = PBXFrameworksBuildPhase;
			buildActionMask = 2147483647;
			files = (
			);
			runOnlyForDeploymentPostprocessing = 0;
		};
		A9314B0B2C53A4AC00A65392 /* Frameworks */ = {
			isa = PBXFrameworksBuildPhase;
			buildActionMask = 2147483647;
			files = (
			);
			runOnlyForDeploymentPostprocessing = 0;
		};
		A9314B162C53A84D00A65392 /* Frameworks */ = {
			isa = PBXFrameworksBuildPhase;
			buildActionMask = 2147483647;
			files = (
			);
			runOnlyForDeploymentPostprocessing = 0;
		};
		A9314B212C5FA84300A65392 /* Frameworks */ = {
			isa = PBXFrameworksBuildPhase;
			buildActionMask = 2147483647;
			files = (
			);
			runOnlyForDeploymentPostprocessing = 0;
		};
		A9A6D76C2C51BFF0001DB0D9 /* Frameworks */ = {
			isa = PBXFrameworksBuildPhase;
			buildActionMask = 2147483647;
			files = (
			);
			runOnlyForDeploymentPostprocessing = 0;
		};
		A9A6D7772C51C482001DB0D9 /* Frameworks */ = {
			isa = PBXFrameworksBuildPhase;
			buildActionMask = 2147483647;
			files = (
			);
			runOnlyForDeploymentPostprocessing = 0;
		};
		A9A6D7822C51C69F001DB0D9 /* Frameworks */ = {
			isa = PBXFrameworksBuildPhase;
			buildActionMask = 2147483647;
			files = (
			);
			runOnlyForDeploymentPostprocessing = 0;
		};
		A9A6D78D2C51C821001DB0D9 /* Frameworks */ = {
			isa = PBXFrameworksBuildPhase;
			buildActionMask = 2147483647;
			files = (
			);
			runOnlyForDeploymentPostprocessing = 0;
		};
		A9A6D7982C51CB35001DB0D9 /* Frameworks */ = {
			isa = PBXFrameworksBuildPhase;
			buildActionMask = 2147483647;
			files = (
			);
			runOnlyForDeploymentPostprocessing = 0;
		};
		A9F7FCDA2C4E624800705039 /* Frameworks */ = {
			isa = PBXFrameworksBuildPhase;
			buildActionMask = 2147483647;
			files = (
			);
			runOnlyForDeploymentPostprocessing = 0;
		};
		A9F7FCE52C4E626300705039 /* Frameworks */ = {
			isa = PBXFrameworksBuildPhase;
			buildActionMask = 2147483647;
			files = (
			);
			runOnlyForDeploymentPostprocessing = 0;
		};
		A9F7FCF02C4E627B00705039 /* Frameworks */ = {
			isa = PBXFrameworksBuildPhase;
			buildActionMask = 2147483647;
			files = (
			);
			runOnlyForDeploymentPostprocessing = 0;
		};
		A9F7FCFB2C4E628F00705039 /* Frameworks */ = {
			isa = PBXFrameworksBuildPhase;
			buildActionMask = 2147483647;
			files = (
			);
			runOnlyForDeploymentPostprocessing = 0;
		};
		A9F7FD062C4E62A600705039 /* Frameworks */ = {
			isa = PBXFrameworksBuildPhase;
			buildActionMask = 2147483647;
			files = (
			);
			runOnlyForDeploymentPostprocessing = 0;
		};
		A9F7FD112C4E62B800705039 /* Frameworks */ = {
			isa = PBXFrameworksBuildPhase;
			buildActionMask = 2147483647;
			files = (
			);
			runOnlyForDeploymentPostprocessing = 0;
		};
		A9F7FD1C2C4E62C900705039 /* Frameworks */ = {
			isa = PBXFrameworksBuildPhase;
			buildActionMask = 2147483647;
			files = (
			);
			runOnlyForDeploymentPostprocessing = 0;
		};
		A9F7FD272C4E635500705039 /* Frameworks */ = {
			isa = PBXFrameworksBuildPhase;
			buildActionMask = 2147483647;
			files = (
			);
			runOnlyForDeploymentPostprocessing = 0;
		};
		A9F7FD322C4E652B00705039 /* Frameworks */ = {
			isa = PBXFrameworksBuildPhase;
			buildActionMask = 2147483647;
			files = (
			);
			runOnlyForDeploymentPostprocessing = 0;
		};
		A9F7FD3D2C4E65A700705039 /* Frameworks */ = {
			isa = PBXFrameworksBuildPhase;
			buildActionMask = 2147483647;
			files = (
			);
			runOnlyForDeploymentPostprocessing = 0;
		};
/* End PBXFrameworksBuildPhase section */

/* Begin PBXGroup section */
		A90376332C60436B00C8EC09 /* 181914 */ = {
			isa = PBXGroup;
			children = (
				A90376342C60436B00C8EC09 /* main.swift */,
			);
			path = 181914;
			sourceTree = "<group>";
		};
		A903763E2C60458900C8EC09 /* 181913 */ = {
			isa = PBXGroup;
			children = (
				A903763F2C60458900C8EC09 /* main.swift */,
			);
			path = 181913;
			sourceTree = "<group>";
		};
		A90B000A2C4F24C200780254 /* 181927 */ = {
			isa = PBXGroup;
			children = (
				A90B000B2C4F24C200780254 /* main.swift */,
			);
			path = 181927;
			sourceTree = "<group>";
		};
		A90B00152C4F260200780254 /* 181926 */ = {
			isa = PBXGroup;
			children = (
				A90B00162C4F260200780254 /* main.swift */,
			);
			path = 181926;
			sourceTree = "<group>";
		};
		A90BFFE92C4F1C4400780254 /* 191831 */ = {
			isa = PBXGroup;
			children = (
				A90BFFEA2C4F1C4400780254 /* main.swift */,
			);
			path = 191831;
			sourceTree = "<group>";
		};
		A90BFFF42C4F1DE100780254 /* 181930 */ = {
			isa = PBXGroup;
			children = (
				A90BFFF52C4F1DE100780254 /* main.swift */,
			);
			path = 181930;
			sourceTree = "<group>";
		};
		A90BFFFF2C4F232E00780254 /* 181928 */ = {
			isa = PBXGroup;
			children = (
				A90B00002C4F232E00780254 /* main.swift */,
			);
			path = 181928;
			sourceTree = "<group>";
		};
		A9314AF92C53A23200A65392 /* 181920 */ = {
			isa = PBXGroup;
			children = (
				A9314AFA2C53A23200A65392 /* main.swift */,
			);
			path = 181920;
			sourceTree = "<group>";
		};
		A9314B042C53A2AF00A65392 /* 181919 */ = {
			isa = PBXGroup;
			children = (
				A9314B052C53A2AF00A65392 /* main.swift */,
			);
			path = 181919;
			sourceTree = "<group>";
		};
		A9314B0F2C53A4AC00A65392 /* 181918 */ = {
			isa = PBXGroup;
			children = (
				A9314B102C53A4AC00A65392 /* main.swift */,
			);
			path = 181918;
			sourceTree = "<group>";
		};
		A9314B1A2C53A84D00A65392 /* 181917 */ = {
			isa = PBXGroup;
			children = (
				A9314B1B2C53A84D00A65392 /* main.swift */,
			);
			path = 181917;
			sourceTree = "<group>";
		};
		A9314B252C5FA84300A65392 /* 181915 */ = {
			isa = PBXGroup;
			children = (
				A9314B262C5FA84300A65392 /* main.swift */,
			);
			path = 181915;
			sourceTree = "<group>";
		};
		A93585D82C425E7E0070E066 = {
			isa = PBXGroup;
			children = (
				A9F7FCDE2C4E624800705039 /* 181935 */,
				A9F7FCE92C4E626300705039 /* 181936 */,
				A9F7FCF42C4E627B00705039 /* 181938 */,
				A9F7FCFF2C4E628F00705039 /* 181939 */,
				A9F7FD0A2C4E62A600705039 /* 181940 */,
				A9F7FD152C4E62B800705039 /* 181941 */,
				A9F7FD202C4E62C900705039 /* 181942 */,
				A9F7FD2B2C4E635500705039 /* 181934 */,
				A9F7FD362C4E652B00705039 /* 181933 */,
				A9F7FD412C4E65A700705039 /* 181932 */,
				A90BFFE92C4F1C4400780254 /* 191831 */,
				A90BFFF42C4F1DE100780254 /* 181930 */,
				A90BFFFF2C4F232E00780254 /* 181928 */,
				A90B000A2C4F24C200780254 /* 181927 */,
				A90B00152C4F260200780254 /* 181926 */,
				A9A6D7702C51BFF0001DB0D9 /* 120840 */,
				A9A6D77B2C51C482001DB0D9 /* 181925 */,
				A9A6D7862C51C69F001DB0D9 /* 181924 */,
				A9A6D7912C51C821001DB0D9 /* 181923 */,
				A9A6D79C2C51CB35001DB0D9 /* 181922 */,
				A9314AF92C53A23200A65392 /* 181920 */,
				A9314B042C53A2AF00A65392 /* 181919 */,
				A9314B0F2C53A4AC00A65392 /* 181918 */,
				A9314B1A2C53A84D00A65392 /* 181917 */,
				A9314B252C5FA84300A65392 /* 181915 */,
				A90376332C60436B00C8EC09 /* 181914 */,
				A903763E2C60458900C8EC09 /* 181913 */,
				A93585E22C425E7E0070E066 /* Products */,
			);
			sourceTree = "<group>";
		};
		A93585E22C425E7E0070E066 /* Products */ = {
			isa = PBXGroup;
			children = (
				A9F7FCDD2C4E624800705039 /* 181935 */,
				A9F7FCE82C4E626300705039 /* 181936 */,
				A9F7FCF32C4E627B00705039 /* 181938 */,
				A9F7FCFE2C4E628F00705039 /* 181939 */,
				A9F7FD092C4E62A600705039 /* 181940 */,
				A9F7FD142C4E62B800705039 /* 181941 */,
				A9F7FD1F2C4E62C900705039 /* 181942 */,
				A9F7FD2A2C4E635500705039 /* 181934 */,
				A9F7FD352C4E652B00705039 /* 181933 */,
				A9F7FD402C4E65A700705039 /* 181932 */,
				A90BFFE82C4F1C4400780254 /* 191831 */,
				A90BFFF32C4F1DE100780254 /* 181930 */,
				A90BFFFE2C4F232E00780254 /* 181928 */,
				A90B00092C4F24C200780254 /* 181927 */,
				A90B00142C4F260200780254 /* 181926 */,
				A9A6D76F2C51BFF0001DB0D9 /* 120840 */,
				A9A6D77A2C51C482001DB0D9 /* 181925 */,
				A9A6D7852C51C69F001DB0D9 /* 181924 */,
				A9A6D7902C51C821001DB0D9 /* 181923 */,
				A9A6D79B2C51CB35001DB0D9 /* 181922 */,
				A9314AF82C53A23200A65392 /* 181920 */,
				A9314B032C53A2AF00A65392 /* 181919 */,
				A9314B0E2C53A4AC00A65392 /* 181918 */,
				A9314B192C53A84D00A65392 /* 181917 */,
				A9314B242C5FA84300A65392 /* 181915 */,
				A90376322C60436B00C8EC09 /* 181914 */,
				A903763D2C60458900C8EC09 /* 181913 */,
			);
			name = Products;
			sourceTree = "<group>";
		};
		A9A6D7702C51BFF0001DB0D9 /* 120840 */ = {
			isa = PBXGroup;
			children = (
				A9A6D7712C51BFF0001DB0D9 /* main.swift */,
			);
			path = 120840;
			sourceTree = "<group>";
		};
		A9A6D77B2C51C482001DB0D9 /* 181925 */ = {
			isa = PBXGroup;
			children = (
				A9A6D77C2C51C482001DB0D9 /* main.swift */,
			);
			path = 181925;
			sourceTree = "<group>";
		};
		A9A6D7862C51C69F001DB0D9 /* 181924 */ = {
			isa = PBXGroup;
			children = (
				A9A6D7872C51C69F001DB0D9 /* main.swift */,
			);
			path = 181924;
			sourceTree = "<group>";
		};
		A9A6D7912C51C821001DB0D9 /* 181923 */ = {
			isa = PBXGroup;
			children = (
				A9A6D7922C51C821001DB0D9 /* main.swift */,
			);
			path = 181923;
			sourceTree = "<group>";
		};
		A9A6D79C2C51CB35001DB0D9 /* 181922 */ = {
			isa = PBXGroup;
			children = (
				A9A6D79D2C51CB35001DB0D9 /* main.swift */,
			);
			path = 181922;
			sourceTree = "<group>";
		};
		A9F7FCDE2C4E624800705039 /* 181935 */ = {
			isa = PBXGroup;
			children = (
				A9F7FCDF2C4E624800705039 /* main.swift */,
			);
			path = 181935;
			sourceTree = "<group>";
		};
		A9F7FCE92C4E626300705039 /* 181936 */ = {
			isa = PBXGroup;
			children = (
				A9F7FCEA2C4E626300705039 /* main.swift */,
			);
			path = 181936;
			sourceTree = "<group>";
		};
		A9F7FCF42C4E627B00705039 /* 181938 */ = {
			isa = PBXGroup;
			children = (
				A9F7FCF52C4E627B00705039 /* main.swift */,
			);
			path = 181938;
			sourceTree = "<group>";
		};
		A9F7FCFF2C4E628F00705039 /* 181939 */ = {
			isa = PBXGroup;
			children = (
				A9F7FD002C4E628F00705039 /* main.swift */,
			);
			path = 181939;
			sourceTree = "<group>";
		};
		A9F7FD0A2C4E62A600705039 /* 181940 */ = {
			isa = PBXGroup;
			children = (
				A9F7FD0B2C4E62A600705039 /* main.swift */,
			);
			path = 181940;
			sourceTree = "<group>";
		};
		A9F7FD152C4E62B800705039 /* 181941 */ = {
			isa = PBXGroup;
			children = (
				A9F7FD162C4E62B800705039 /* main.swift */,
			);
			path = 181941;
			sourceTree = "<group>";
		};
		A9F7FD202C4E62C900705039 /* 181942 */ = {
			isa = PBXGroup;
			children = (
				A9F7FD212C4E62C900705039 /* main.swift */,
			);
			path = 181942;
			sourceTree = "<group>";
		};
		A9F7FD2B2C4E635500705039 /* 181934 */ = {
			isa = PBXGroup;
			children = (
				A9F7FD2C2C4E635500705039 /* main.swift */,
			);
			path = 181934;
			sourceTree = "<group>";
		};
		A9F7FD362C4E652B00705039 /* 181933 */ = {
			isa = PBXGroup;
			children = (
				A9F7FD372C4E652B00705039 /* main.swift */,
			);
			path = 181933;
			sourceTree = "<group>";
		};
		A9F7FD412C4E65A700705039 /* 181932 */ = {
			isa = PBXGroup;
			children = (
				A9F7FD422C4E65A700705039 /* main.swift */,
			);
			path = 181932;
			sourceTree = "<group>";
		};
/* End PBXGroup section */

/* Begin PBXNativeTarget section */
		A90376312C60436B00C8EC09 /* 181914 */ = {
			isa = PBXNativeTarget;
			buildConfigurationList = A90376382C60436B00C8EC09 /* Build configuration list for PBXNativeTarget "181914" */;
			buildPhases = (
				A903762E2C60436B00C8EC09 /* Sources */,
				A903762F2C60436B00C8EC09 /* Frameworks */,
				A90376302C60436B00C8EC09 /* CopyFiles */,
			);
			buildRules = (
			);
			dependencies = (
			);
			name = 181914;
			productName = 181914;
			productReference = A90376322C60436B00C8EC09 /* 181914 */;
			productType = "com.apple.product-type.tool";
		};
		A903763C2C60458900C8EC09 /* 181913 */ = {
			isa = PBXNativeTarget;
			buildConfigurationList = A90376412C60458900C8EC09 /* Build configuration list for PBXNativeTarget "181913" */;
			buildPhases = (
				A90376392C60458900C8EC09 /* Sources */,
				A903763A2C60458900C8EC09 /* Frameworks */,
				A903763B2C60458900C8EC09 /* CopyFiles */,
			);
			buildRules = (
			);
			dependencies = (
			);
			name = 181913;
			productName = 181913;
			productReference = A903763D2C60458900C8EC09 /* 181913 */;
			productType = "com.apple.product-type.tool";
		};
		A90B00082C4F24C200780254 /* 181927 */ = {
			isa = PBXNativeTarget;
			buildConfigurationList = A90B000D2C4F24C200780254 /* Build configuration list for PBXNativeTarget "181927" */;
			buildPhases = (
				A90B00052C4F24C200780254 /* Sources */,
				A90B00062C4F24C200780254 /* Frameworks */,
				A90B00072C4F24C200780254 /* CopyFiles */,
			);
			buildRules = (
			);
			dependencies = (
			);
			name = 181927;
			productName = 181927;
			productReference = A90B00092C4F24C200780254 /* 181927 */;
			productType = "com.apple.product-type.tool";
		};
		A90B00132C4F260200780254 /* 181926 */ = {
			isa = PBXNativeTarget;
			buildConfigurationList = A90B00182C4F260200780254 /* Build configuration list for PBXNativeTarget "181926" */;
			buildPhases = (
				A90B00102C4F260200780254 /* Sources */,
				A90B00112C4F260200780254 /* Frameworks */,
				A90B00122C4F260200780254 /* CopyFiles */,
			);
			buildRules = (
			);
			dependencies = (
			);
			name = 181926;
			productName = 181926;
			productReference = A90B00142C4F260200780254 /* 181926 */;
			productType = "com.apple.product-type.tool";
		};
		A90BFFE72C4F1C4400780254 /* 191831 */ = {
			isa = PBXNativeTarget;
			buildConfigurationList = A90BFFEE2C4F1C4400780254 /* Build configuration list for PBXNativeTarget "191831" */;
			buildPhases = (
				A90BFFE42C4F1C4400780254 /* Sources */,
				A90BFFE52C4F1C4400780254 /* Frameworks */,
				A90BFFE62C4F1C4400780254 /* CopyFiles */,
			);
			buildRules = (
			);
			dependencies = (
			);
			name = 191831;
			productName = 191831;
			productReference = A90BFFE82C4F1C4400780254 /* 191831 */;
			productType = "com.apple.product-type.tool";
		};
		A90BFFF22C4F1DE100780254 /* 181930 */ = {
			isa = PBXNativeTarget;
			buildConfigurationList = A90BFFF72C4F1DE100780254 /* Build configuration list for PBXNativeTarget "181930" */;
			buildPhases = (
				A90BFFEF2C4F1DE100780254 /* Sources */,
				A90BFFF02C4F1DE100780254 /* Frameworks */,
				A90BFFF12C4F1DE100780254 /* CopyFiles */,
			);
			buildRules = (
			);
			dependencies = (
			);
			name = 181930;
			productName = 181930;
			productReference = A90BFFF32C4F1DE100780254 /* 181930 */;
			productType = "com.apple.product-type.tool";
		};
		A90BFFFD2C4F232E00780254 /* 181928 */ = {
			isa = PBXNativeTarget;
			buildConfigurationList = A90B00022C4F232E00780254 /* Build configuration list for PBXNativeTarget "181928" */;
			buildPhases = (
				A90BFFFA2C4F232E00780254 /* Sources */,
				A90BFFFB2C4F232E00780254 /* Frameworks */,
				A90BFFFC2C4F232E00780254 /* CopyFiles */,
			);
			buildRules = (
			);
			dependencies = (
			);
			name = 181928;
			productName = 181928;
			productReference = A90BFFFE2C4F232E00780254 /* 181928 */;
			productType = "com.apple.product-type.tool";
		};
		A9314AF72C53A23200A65392 /* 181920 */ = {
			isa = PBXNativeTarget;
			buildConfigurationList = A9314AFE2C53A23200A65392 /* Build configuration list for PBXNativeTarget "181920" */;
			buildPhases = (
				A9314AF42C53A23200A65392 /* Sources */,
				A9314AF52C53A23200A65392 /* Frameworks */,
				A9314AF62C53A23200A65392 /* CopyFiles */,
			);
			buildRules = (
			);
			dependencies = (
			);
			name = 181920;
			productName = 181920;
			productReference = A9314AF82C53A23200A65392 /* 181920 */;
			productType = "com.apple.product-type.tool";
		};
		A9314B022C53A2AF00A65392 /* 181919 */ = {
			isa = PBXNativeTarget;
			buildConfigurationList = A9314B072C53A2AF00A65392 /* Build configuration list for PBXNativeTarget "181919" */;
			buildPhases = (
				A9314AFF2C53A2AF00A65392 /* Sources */,
				A9314B002C53A2AF00A65392 /* Frameworks */,
				A9314B012C53A2AF00A65392 /* CopyFiles */,
			);
			buildRules = (
			);
			dependencies = (
			);
			name = 181919;
			productName = 181919;
			productReference = A9314B032C53A2AF00A65392 /* 181919 */;
			productType = "com.apple.product-type.tool";
		};
		A9314B0D2C53A4AC00A65392 /* 181918 */ = {
			isa = PBXNativeTarget;
			buildConfigurationList = A9314B122C53A4AC00A65392 /* Build configuration list for PBXNativeTarget "181918" */;
			buildPhases = (
				A9314B0A2C53A4AC00A65392 /* Sources */,
				A9314B0B2C53A4AC00A65392 /* Frameworks */,
				A9314B0C2C53A4AC00A65392 /* CopyFiles */,
			);
			buildRules = (
			);
			dependencies = (
			);
			name = 181918;
			productName = 181918;
			productReference = A9314B0E2C53A4AC00A65392 /* 181918 */;
			productType = "com.apple.product-type.tool";
		};
		A9314B182C53A84D00A65392 /* 181917 */ = {
			isa = PBXNativeTarget;
			buildConfigurationList = A9314B1D2C53A84D00A65392 /* Build configuration list for PBXNativeTarget "181917" */;
			buildPhases = (
				A9314B152C53A84D00A65392 /* Sources */,
				A9314B162C53A84D00A65392 /* Frameworks */,
				A9314B172C53A84D00A65392 /* CopyFiles */,
			);
			buildRules = (
			);
			dependencies = (
			);
			name = 181917;
			productName = 181917;
			productReference = A9314B192C53A84D00A65392 /* 181917 */;
			productType = "com.apple.product-type.tool";
		};
		A9314B232C5FA84300A65392 /* 181915 */ = {
			isa = PBXNativeTarget;
			buildConfigurationList = A9314B282C5FA84300A65392 /* Build configuration list for PBXNativeTarget "181915" */;
			buildPhases = (
				A9314B202C5FA84300A65392 /* Sources */,
				A9314B212C5FA84300A65392 /* Frameworks */,
				A9314B222C5FA84300A65392 /* CopyFiles */,
			);
			buildRules = (
			);
			dependencies = (
			);
			name = 181915;
			productName = 181915;
			productReference = A9314B242C5FA84300A65392 /* 181915 */;
			productType = "com.apple.product-type.tool";
		};
		A9A6D76E2C51BFF0001DB0D9 /* 120840 */ = {
			isa = PBXNativeTarget;
			buildConfigurationList = A9A6D7752C51BFF0001DB0D9 /* Build configuration list for PBXNativeTarget "120840" */;
			buildPhases = (
				A9A6D76B2C51BFF0001DB0D9 /* Sources */,
				A9A6D76C2C51BFF0001DB0D9 /* Frameworks */,
				A9A6D76D2C51BFF0001DB0D9 /* CopyFiles */,
			);
			buildRules = (
			);
			dependencies = (
			);
			name = 120840;
			productName = 120840;
			productReference = A9A6D76F2C51BFF0001DB0D9 /* 120840 */;
			productType = "com.apple.product-type.tool";
		};
		A9A6D7792C51C482001DB0D9 /* 181925 */ = {
			isa = PBXNativeTarget;
			buildConfigurationList = A9A6D77E2C51C482001DB0D9 /* Build configuration list for PBXNativeTarget "181925" */;
			buildPhases = (
				A9A6D7762C51C482001DB0D9 /* Sources */,
				A9A6D7772C51C482001DB0D9 /* Frameworks */,
				A9A6D7782C51C482001DB0D9 /* CopyFiles */,
			);
			buildRules = (
			);
			dependencies = (
			);
			name = 181925;
			productName = 181925;
			productReference = A9A6D77A2C51C482001DB0D9 /* 181925 */;
			productType = "com.apple.product-type.tool";
		};
		A9A6D7842C51C69F001DB0D9 /* 181924 */ = {
			isa = PBXNativeTarget;
			buildConfigurationList = A9A6D7892C51C69F001DB0D9 /* Build configuration list for PBXNativeTarget "181924" */;
			buildPhases = (
				A9A6D7812C51C69F001DB0D9 /* Sources */,
				A9A6D7822C51C69F001DB0D9 /* Frameworks */,
				A9A6D7832C51C69F001DB0D9 /* CopyFiles */,
			);
			buildRules = (
			);
			dependencies = (
			);
			name = 181924;
			productName = 181924;
			productReference = A9A6D7852C51C69F001DB0D9 /* 181924 */;
			productType = "com.apple.product-type.tool";
		};
		A9A6D78F2C51C821001DB0D9 /* 181923 */ = {
			isa = PBXNativeTarget;
			buildConfigurationList = A9A6D7942C51C821001DB0D9 /* Build configuration list for PBXNativeTarget "181923" */;
			buildPhases = (
				A9A6D78C2C51C821001DB0D9 /* Sources */,
				A9A6D78D2C51C821001DB0D9 /* Frameworks */,
				A9A6D78E2C51C821001DB0D9 /* CopyFiles */,
			);
			buildRules = (
			);
			dependencies = (
			);
			name = 181923;
			productName = 181923;
			productReference = A9A6D7902C51C821001DB0D9 /* 181923 */;
			productType = "com.apple.product-type.tool";
		};
		A9A6D79A2C51CB35001DB0D9 /* 181922 */ = {
			isa = PBXNativeTarget;
			buildConfigurationList = A9A6D79F2C51CB35001DB0D9 /* Build configuration list for PBXNativeTarget "181922" */;
			buildPhases = (
				A9A6D7972C51CB35001DB0D9 /* Sources */,
				A9A6D7982C51CB35001DB0D9 /* Frameworks */,
				A9A6D7992C51CB35001DB0D9 /* CopyFiles */,
			);
			buildRules = (
			);
			dependencies = (
			);
			name = 181922;
			productName = 181922;
			productReference = A9A6D79B2C51CB35001DB0D9 /* 181922 */;
			productType = "com.apple.product-type.tool";
		};
		A9F7FCDC2C4E624800705039 /* 181935 */ = {
			isa = PBXNativeTarget;
			buildConfigurationList = A9F7FCE12C4E624800705039 /* Build configuration list for PBXNativeTarget "181935" */;
			buildPhases = (
				A9F7FCD92C4E624800705039 /* Sources */,
				A9F7FCDA2C4E624800705039 /* Frameworks */,
				A9F7FCDB2C4E624800705039 /* CopyFiles */,
			);
			buildRules = (
			);
			dependencies = (
			);
			name = 181935;
			productName = 181935;
			productReference = A9F7FCDD2C4E624800705039 /* 181935 */;
			productType = "com.apple.product-type.tool";
		};
		A9F7FCE72C4E626300705039 /* 181936 */ = {
			isa = PBXNativeTarget;
			buildConfigurationList = A9F7FCEC2C4E626300705039 /* Build configuration list for PBXNativeTarget "181936" */;
			buildPhases = (
				A9F7FCE42C4E626300705039 /* Sources */,
				A9F7FCE52C4E626300705039 /* Frameworks */,
				A9F7FCE62C4E626300705039 /* CopyFiles */,
			);
			buildRules = (
			);
			dependencies = (
			);
			name = 181936;
			productName = 181936;
			productReference = A9F7FCE82C4E626300705039 /* 181936 */;
			productType = "com.apple.product-type.tool";
		};
		A9F7FCF22C4E627B00705039 /* 181938 */ = {
			isa = PBXNativeTarget;
			buildConfigurationList = A9F7FCF72C4E627B00705039 /* Build configuration list for PBXNativeTarget "181938" */;
			buildPhases = (
				A9F7FCEF2C4E627B00705039 /* Sources */,
				A9F7FCF02C4E627B00705039 /* Frameworks */,
				A9F7FCF12C4E627B00705039 /* CopyFiles */,
			);
			buildRules = (
			);
			dependencies = (
			);
			name = 181938;
			productName = 181938;
			productReference = A9F7FCF32C4E627B00705039 /* 181938 */;
			productType = "com.apple.product-type.tool";
		};
		A9F7FCFD2C4E628F00705039 /* 181939 */ = {
			isa = PBXNativeTarget;
			buildConfigurationList = A9F7FD022C4E628F00705039 /* Build configuration list for PBXNativeTarget "181939" */;
			buildPhases = (
				A9F7FCFA2C4E628F00705039 /* Sources */,
				A9F7FCFB2C4E628F00705039 /* Frameworks */,
				A9F7FCFC2C4E628F00705039 /* CopyFiles */,
			);
			buildRules = (
			);
			dependencies = (
			);
			name = 181939;
			productName = 181939;
			productReference = A9F7FCFE2C4E628F00705039 /* 181939 */;
			productType = "com.apple.product-type.tool";
		};
		A9F7FD082C4E62A600705039 /* 181940 */ = {
			isa = PBXNativeTarget;
			buildConfigurationList = A9F7FD0D2C4E62A600705039 /* Build configuration list for PBXNativeTarget "181940" */;
			buildPhases = (
				A9F7FD052C4E62A600705039 /* Sources */,
				A9F7FD062C4E62A600705039 /* Frameworks */,
				A9F7FD072C4E62A600705039 /* CopyFiles */,
			);
			buildRules = (
			);
			dependencies = (
			);
			name = 181940;
			productName = 181940;
			productReference = A9F7FD092C4E62A600705039 /* 181940 */;
			productType = "com.apple.product-type.tool";
		};
		A9F7FD132C4E62B800705039 /* 181941 */ = {
			isa = PBXNativeTarget;
			buildConfigurationList = A9F7FD182C4E62B800705039 /* Build configuration list for PBXNativeTarget "181941" */;
			buildPhases = (
				A9F7FD102C4E62B800705039 /* Sources */,
				A9F7FD112C4E62B800705039 /* Frameworks */,
				A9F7FD122C4E62B800705039 /* CopyFiles */,
			);
			buildRules = (
			);
			dependencies = (
			);
			name = 181941;
			productName = 181941;
			productReference = A9F7FD142C4E62B800705039 /* 181941 */;
			productType = "com.apple.product-type.tool";
		};
		A9F7FD1E2C4E62C900705039 /* 181942 */ = {
			isa = PBXNativeTarget;
			buildConfigurationList = A9F7FD232C4E62C900705039 /* Build configuration list for PBXNativeTarget "181942" */;
			buildPhases = (
				A9F7FD1B2C4E62C900705039 /* Sources */,
				A9F7FD1C2C4E62C900705039 /* Frameworks */,
				A9F7FD1D2C4E62C900705039 /* CopyFiles */,
			);
			buildRules = (
			);
			dependencies = (
			);
			name = 181942;
			productName = 181942;
			productReference = A9F7FD1F2C4E62C900705039 /* 181942 */;
			productType = "com.apple.product-type.tool";
		};
		A9F7FD292C4E635500705039 /* 181934 */ = {
			isa = PBXNativeTarget;
			buildConfigurationList = A9F7FD2E2C4E635500705039 /* Build configuration list for PBXNativeTarget "181934" */;
			buildPhases = (
				A9F7FD262C4E635500705039 /* Sources */,
				A9F7FD272C4E635500705039 /* Frameworks */,
				A9F7FD282C4E635500705039 /* CopyFiles */,
			);
			buildRules = (
			);
			dependencies = (
			);
			name = 181934;
			productName = 181934;
			productReference = A9F7FD2A2C4E635500705039 /* 181934 */;
			productType = "com.apple.product-type.tool";
		};
		A9F7FD342C4E652B00705039 /* 181933 */ = {
			isa = PBXNativeTarget;
			buildConfigurationList = A9F7FD392C4E652B00705039 /* Build configuration list for PBXNativeTarget "181933" */;
			buildPhases = (
				A9F7FD312C4E652B00705039 /* Sources */,
				A9F7FD322C4E652B00705039 /* Frameworks */,
				A9F7FD332C4E652B00705039 /* CopyFiles */,
			);
			buildRules = (
			);
			dependencies = (
			);
			name = 181933;
			productName = 181933;
			productReference = A9F7FD352C4E652B00705039 /* 181933 */;
			productType = "com.apple.product-type.tool";
		};
		A9F7FD3F2C4E65A700705039 /* 181932 */ = {
			isa = PBXNativeTarget;
			buildConfigurationList = A9F7FD442C4E65A700705039 /* Build configuration list for PBXNativeTarget "181932" */;
			buildPhases = (
				A9F7FD3C2C4E65A700705039 /* Sources */,
				A9F7FD3D2C4E65A700705039 /* Frameworks */,
				A9F7FD3E2C4E65A700705039 /* CopyFiles */,
			);
			buildRules = (
			);
			dependencies = (
			);
			name = 181932;
			productName = 181932;
			productReference = A9F7FD402C4E65A700705039 /* 181932 */;
			productType = "com.apple.product-type.tool";
		};
/* End PBXNativeTarget section */

/* Begin PBXProject section */
		A93585D92C425E7E0070E066 /* Project object */ = {
			isa = PBXProject;
			attributes = {
				BuildIndependentTargetsInParallel = 1;
				LastSwiftUpdateCheck = 1540;
				LastUpgradeCheck = 1540;
				TargetAttributes = {
					A90376312C60436B00C8EC09 = {
						CreatedOnToolsVersion = 15.4;
					};
					A903763C2C60458900C8EC09 = {
						CreatedOnToolsVersion = 15.4;
					};
					A90B00082C4F24C200780254 = {
						CreatedOnToolsVersion = 15.4;
					};
					A90B00132C4F260200780254 = {
						CreatedOnToolsVersion = 15.4;
					};
					A90BFFE72C4F1C4400780254 = {
						CreatedOnToolsVersion = 15.4;
					};
					A90BFFF22C4F1DE100780254 = {
						CreatedOnToolsVersion = 15.4;
					};
					A90BFFFD2C4F232E00780254 = {
						CreatedOnToolsVersion = 15.4;
					};
					A9314AF72C53A23200A65392 = {
						CreatedOnToolsVersion = 15.4;
					};
					A9314B022C53A2AF00A65392 = {
						CreatedOnToolsVersion = 15.4;
					};
					A9314B0D2C53A4AC00A65392 = {
						CreatedOnToolsVersion = 15.4;
					};
					A9314B182C53A84D00A65392 = {
						CreatedOnToolsVersion = 15.4;
					};
					A9314B232C5FA84300A65392 = {
						CreatedOnToolsVersion = 15.4;
					};
					A9A6D76E2C51BFF0001DB0D9 = {
						CreatedOnToolsVersion = 15.4;
					};
					A9A6D7792C51C482001DB0D9 = {
						CreatedOnToolsVersion = 15.4;
					};
					A9A6D7842C51C69F001DB0D9 = {
						CreatedOnToolsVersion = 15.4;
					};
					A9A6D78F2C51C821001DB0D9 = {
						CreatedOnToolsVersion = 15.4;
					};
					A9A6D79A2C51CB35001DB0D9 = {
						CreatedOnToolsVersion = 15.4;
					};
					A9F7FCDC2C4E624800705039 = {
						CreatedOnToolsVersion = 15.4;
					};
					A9F7FCE72C4E626300705039 = {
						CreatedOnToolsVersion = 15.4;
					};
					A9F7FCF22C4E627B00705039 = {
						CreatedOnToolsVersion = 15.4;
					};
					A9F7FCFD2C4E628F00705039 = {
						CreatedOnToolsVersion = 15.4;
					};
					A9F7FD082C4E62A600705039 = {
						CreatedOnToolsVersion = 15.4;
					};
					A9F7FD132C4E62B800705039 = {
						CreatedOnToolsVersion = 15.4;
					};
					A9F7FD1E2C4E62C900705039 = {
						CreatedOnToolsVersion = 15.4;
					};
					A9F7FD292C4E635500705039 = {
						CreatedOnToolsVersion = 15.4;
					};
					A9F7FD342C4E652B00705039 = {
						CreatedOnToolsVersion = 15.4;
					};
					A9F7FD3F2C4E65A700705039 = {
						CreatedOnToolsVersion = 15.4;
					};
				};
			};
			buildConfigurationList = A93585DC2C425E7E0070E066 /* Build configuration list for PBXProject "programmers-phase0" */;
			compatibilityVersion = "Xcode 14.0";
			developmentRegion = en;
			hasScannedForEncodings = 0;
			knownRegions = (
				en,
				Base,
			);
			mainGroup = A93585D82C425E7E0070E066;
			productRefGroup = A93585E22C425E7E0070E066 /* Products */;
			projectDirPath = "";
			projectRoot = "";
			targets = (
				A9F7FCDC2C4E624800705039 /* 181935 */,
				A9F7FCE72C4E626300705039 /* 181936 */,
				A9F7FCF22C4E627B00705039 /* 181938 */,
				A9F7FCFD2C4E628F00705039 /* 181939 */,
				A9F7FD082C4E62A600705039 /* 181940 */,
				A9F7FD132C4E62B800705039 /* 181941 */,
				A9F7FD1E2C4E62C900705039 /* 181942 */,
				A9F7FD292C4E635500705039 /* 181934 */,
				A9F7FD342C4E652B00705039 /* 181933 */,
				A9F7FD3F2C4E65A700705039 /* 181932 */,
				A90BFFE72C4F1C4400780254 /* 191831 */,
				A90BFFF22C4F1DE100780254 /* 181930 */,
				A90BFFFD2C4F232E00780254 /* 181928 */,
				A90B00082C4F24C200780254 /* 181927 */,
				A90B00132C4F260200780254 /* 181926 */,
				A9A6D76E2C51BFF0001DB0D9 /* 120840 */,
				A9A6D7792C51C482001DB0D9 /* 181925 */,
				A9A6D7842C51C69F001DB0D9 /* 181924 */,
				A9A6D78F2C51C821001DB0D9 /* 181923 */,
				A9A6D79A2C51CB35001DB0D9 /* 181922 */,
				A9314AF72C53A23200A65392 /* 181920 */,
				A9314B022C53A2AF00A65392 /* 181919 */,
				A9314B0D2C53A4AC00A65392 /* 181918 */,
				A9314B182C53A84D00A65392 /* 181917 */,
				A9314B232C5FA84300A65392 /* 181915 */,
				A90376312C60436B00C8EC09 /* 181914 */,
				A903763C2C60458900C8EC09 /* 181913 */,
			);
		};
/* End PBXProject section */

/* Begin PBXSourcesBuildPhase section */
		A903762E2C60436B00C8EC09 /* Sources */ = {
			isa = PBXSourcesBuildPhase;
			buildActionMask = 2147483647;
			files = (
				A90376352C60436B00C8EC09 /* main.swift in Sources */,
			);
			runOnlyForDeploymentPostprocessing = 0;
		};
		A90376392C60458900C8EC09 /* Sources */ = {
			isa = PBXSourcesBuildPhase;
			buildActionMask = 2147483647;
			files = (
				A90376402C60458900C8EC09 /* main.swift in Sources */,
			);
			runOnlyForDeploymentPostprocessing = 0;
		};
		A90B00052C4F24C200780254 /* Sources */ = {
			isa = PBXSourcesBuildPhase;
			buildActionMask = 2147483647;
			files = (
				A90B000C2C4F24C200780254 /* main.swift in Sources */,
			);
			runOnlyForDeploymentPostprocessing = 0;
		};
		A90B00102C4F260200780254 /* Sources */ = {
			isa = PBXSourcesBuildPhase;
			buildActionMask = 2147483647;
			files = (
				A90B00172C4F260200780254 /* main.swift in Sources */,
			);
			runOnlyForDeploymentPostprocessing = 0;
		};
		A90BFFE42C4F1C4400780254 /* Sources */ = {
			isa = PBXSourcesBuildPhase;
			buildActionMask = 2147483647;
			files = (
				A90BFFEB2C4F1C4400780254 /* main.swift in Sources */,
			);
			runOnlyForDeploymentPostprocessing = 0;
		};
		A90BFFEF2C4F1DE100780254 /* Sources */ = {
			isa = PBXSourcesBuildPhase;
			buildActionMask = 2147483647;
			files = (
				A90BFFF62C4F1DE100780254 /* main.swift in Sources */,
			);
			runOnlyForDeploymentPostprocessing = 0;
		};
		A90BFFFA2C4F232E00780254 /* Sources */ = {
			isa = PBXSourcesBuildPhase;
			buildActionMask = 2147483647;
			files = (
				A90B00012C4F232E00780254 /* main.swift in Sources */,
			);
			runOnlyForDeploymentPostprocessing = 0;
		};
		A9314AF42C53A23200A65392 /* Sources */ = {
			isa = PBXSourcesBuildPhase;
			buildActionMask = 2147483647;
			files = (
				A9314AFB2C53A23200A65392 /* main.swift in Sources */,
			);
			runOnlyForDeploymentPostprocessing = 0;
		};
		A9314AFF2C53A2AF00A65392 /* Sources */ = {
			isa = PBXSourcesBuildPhase;
			buildActionMask = 2147483647;
			files = (
				A9314B062C53A2AF00A65392 /* main.swift in Sources */,
			);
			runOnlyForDeploymentPostprocessing = 0;
		};
		A9314B0A2C53A4AC00A65392 /* Sources */ = {
			isa = PBXSourcesBuildPhase;
			buildActionMask = 2147483647;
			files = (
				A9314B112C53A4AC00A65392 /* main.swift in Sources */,
			);
			runOnlyForDeploymentPostprocessing = 0;
		};
		A9314B152C53A84D00A65392 /* Sources */ = {
			isa = PBXSourcesBuildPhase;
			buildActionMask = 2147483647;
			files = (
				A9314B1C2C53A84D00A65392 /* main.swift in Sources */,
			);
			runOnlyForDeploymentPostprocessing = 0;
		};
		A9314B202C5FA84300A65392 /* Sources */ = {
			isa = PBXSourcesBuildPhase;
			buildActionMask = 2147483647;
			files = (
				A9314B272C5FA84300A65392 /* main.swift in Sources */,
			);
			runOnlyForDeploymentPostprocessing = 0;
		};
		A9A6D76B2C51BFF0001DB0D9 /* Sources */ = {
			isa = PBXSourcesBuildPhase;
			buildActionMask = 2147483647;
			files = (
				A9A6D7722C51BFF0001DB0D9 /* main.swift in Sources */,
			);
			runOnlyForDeploymentPostprocessing = 0;
		};
		A9A6D7762C51C482001DB0D9 /* Sources */ = {
			isa = PBXSourcesBuildPhase;
			buildActionMask = 2147483647;
			files = (
				A9A6D77D2C51C482001DB0D9 /* main.swift in Sources */,
			);
			runOnlyForDeploymentPostprocessing = 0;
		};
		A9A6D7812C51C69F001DB0D9 /* Sources */ = {
			isa = PBXSourcesBuildPhase;
			buildActionMask = 2147483647;
			files = (
				A9A6D7882C51C69F001DB0D9 /* main.swift in Sources */,
			);
			runOnlyForDeploymentPostprocessing = 0;
		};
		A9A6D78C2C51C821001DB0D9 /* Sources */ = {
			isa = PBXSourcesBuildPhase;
			buildActionMask = 2147483647;
			files = (
				A9A6D7932C51C821001DB0D9 /* main.swift in Sources */,
			);
			runOnlyForDeploymentPostprocessing = 0;
		};
		A9A6D7972C51CB35001DB0D9 /* Sources */ = {
			isa = PBXSourcesBuildPhase;
			buildActionMask = 2147483647;
			files = (
				A9A6D79E2C51CB35001DB0D9 /* main.swift in Sources */,
			);
			runOnlyForDeploymentPostprocessing = 0;
		};
		A9F7FCD92C4E624800705039 /* Sources */ = {
			isa = PBXSourcesBuildPhase;
			buildActionMask = 2147483647;
			files = (
				A9F7FCE02C4E624800705039 /* main.swift in Sources */,
			);
			runOnlyForDeploymentPostprocessing = 0;
		};
		A9F7FCE42C4E626300705039 /* Sources */ = {
			isa = PBXSourcesBuildPhase;
			buildActionMask = 2147483647;
			files = (
				A9F7FCEB2C4E626300705039 /* main.swift in Sources */,
			);
			runOnlyForDeploymentPostprocessing = 0;
		};
		A9F7FCEF2C4E627B00705039 /* Sources */ = {
			isa = PBXSourcesBuildPhase;
			buildActionMask = 2147483647;
			files = (
				A9F7FCF62C4E627B00705039 /* main.swift in Sources */,
			);
			runOnlyForDeploymentPostprocessing = 0;
		};
		A9F7FCFA2C4E628F00705039 /* Sources */ = {
			isa = PBXSourcesBuildPhase;
			buildActionMask = 2147483647;
			files = (
				A9F7FD012C4E628F00705039 /* main.swift in Sources */,
			);
			runOnlyForDeploymentPostprocessing = 0;
		};
		A9F7FD052C4E62A600705039 /* Sources */ = {
			isa = PBXSourcesBuildPhase;
			buildActionMask = 2147483647;
			files = (
				A9F7FD0C2C4E62A600705039 /* main.swift in Sources */,
			);
			runOnlyForDeploymentPostprocessing = 0;
		};
		A9F7FD102C4E62B800705039 /* Sources */ = {
			isa = PBXSourcesBuildPhase;
			buildActionMask = 2147483647;
			files = (
				A9F7FD172C4E62B800705039 /* main.swift in Sources */,
			);
			runOnlyForDeploymentPostprocessing = 0;
		};
		A9F7FD1B2C4E62C900705039 /* Sources */ = {
			isa = PBXSourcesBuildPhase;
			buildActionMask = 2147483647;
			files = (
				A9F7FD222C4E62C900705039 /* main.swift in Sources */,
			);
			runOnlyForDeploymentPostprocessing = 0;
		};
		A9F7FD262C4E635500705039 /* Sources */ = {
			isa = PBXSourcesBuildPhase;
			buildActionMask = 2147483647;
			files = (
				A9F7FD2D2C4E635500705039 /* main.swift in Sources */,
			);
			runOnlyForDeploymentPostprocessing = 0;
		};
		A9F7FD312C4E652B00705039 /* Sources */ = {
			isa = PBXSourcesBuildPhase;
			buildActionMask = 2147483647;
			files = (
				A9F7FD382C4E652B00705039 /* main.swift in Sources */,
			);
			runOnlyForDeploymentPostprocessing = 0;
		};
		A9F7FD3C2C4E65A700705039 /* Sources */ = {
			isa = PBXSourcesBuildPhase;
			buildActionMask = 2147483647;
			files = (
				A9F7FD432C4E65A700705039 /* main.swift in Sources */,
			);
			runOnlyForDeploymentPostprocessing = 0;
		};
/* End PBXSourcesBuildPhase section */

/* Begin XCBuildConfiguration section */
		A90376362C60436B00C8EC09 /* Debug */ = {
			isa = XCBuildConfiguration;
			buildSettings = {
				CODE_SIGN_STYLE = Automatic;
				PRODUCT_NAME = "$(TARGET_NAME)";
				SWIFT_VERSION = 5.0;
			};
			name = Debug;
		};
		A90376372C60436B00C8EC09 /* Release */ = {
			isa = XCBuildConfiguration;
			buildSettings = {
				CODE_SIGN_STYLE = Automatic;
				PRODUCT_NAME = "$(TARGET_NAME)";
				SWIFT_VERSION = 5.0;
			};
			name = Release;
		};
		A90376422C60458900C8EC09 /* Debug */ = {
			isa = XCBuildConfiguration;
			buildSettings = {
				CODE_SIGN_STYLE = Automatic;
				PRODUCT_NAME = "$(TARGET_NAME)";
				SWIFT_VERSION = 5.0;
			};
			name = Debug;
		};
		A90376432C60458900C8EC09 /* Release */ = {
			isa = XCBuildConfiguration;
			buildSettings = {
				CODE_SIGN_STYLE = Automatic;
				PRODUCT_NAME = "$(TARGET_NAME)";
				SWIFT_VERSION = 5.0;
			};
			name = Release;
		};
		A90B00032C4F232E00780254 /* Debug */ = {
			isa = XCBuildConfiguration;
			buildSettings = {
				CODE_SIGN_STYLE = Automatic;
				PRODUCT_NAME = "$(TARGET_NAME)";
				SWIFT_VERSION = 5.0;
			};
			name = Debug;
		};
		A90B00042C4F232E00780254 /* Release */ = {
			isa = XCBuildConfiguration;
			buildSettings = {
				CODE_SIGN_STYLE = Automatic;
				PRODUCT_NAME = "$(TARGET_NAME)";
				SWIFT_VERSION = 5.0;
			};
			name = Release;
		};
		A90B000E2C4F24C200780254 /* Debug */ = {
			isa = XCBuildConfiguration;
			buildSettings = {
				CODE_SIGN_STYLE = Automatic;
				PRODUCT_NAME = "$(TARGET_NAME)";
				SWIFT_VERSION = 5.0;
			};
			name = Debug;
		};
		A90B000F2C4F24C200780254 /* Release */ = {
			isa = XCBuildConfiguration;
			buildSettings = {
				CODE_SIGN_STYLE = Automatic;
				PRODUCT_NAME = "$(TARGET_NAME)";
				SWIFT_VERSION = 5.0;
			};
			name = Release;
		};
		A90B00192C4F260200780254 /* Debug */ = {
			isa = XCBuildConfiguration;
			buildSettings = {
				CODE_SIGN_STYLE = Automatic;
				PRODUCT_NAME = "$(TARGET_NAME)";
				SWIFT_VERSION = 5.0;
			};
			name = Debug;
		};
		A90B001A2C4F260200780254 /* Release */ = {
			isa = XCBuildConfiguration;
			buildSettings = {
				CODE_SIGN_STYLE = Automatic;
				PRODUCT_NAME = "$(TARGET_NAME)";
				SWIFT_VERSION = 5.0;
			};
			name = Release;
		};
		A90BFFEC2C4F1C4400780254 /* Debug */ = {
			isa = XCBuildConfiguration;
			buildSettings = {
				CODE_SIGN_STYLE = Automatic;
				PRODUCT_NAME = "$(TARGET_NAME)";
				SWIFT_VERSION = 5.0;
			};
			name = Debug;
		};
		A90BFFED2C4F1C4400780254 /* Release */ = {
			isa = XCBuildConfiguration;
			buildSettings = {
				CODE_SIGN_STYLE = Automatic;
				PRODUCT_NAME = "$(TARGET_NAME)";
				SWIFT_VERSION = 5.0;
			};
			name = Release;
		};
		A90BFFF82C4F1DE100780254 /* Debug */ = {
			isa = XCBuildConfiguration;
			buildSettings = {
				CODE_SIGN_STYLE = Automatic;
				PRODUCT_NAME = "$(TARGET_NAME)";
				SWIFT_VERSION = 5.0;
			};
			name = Debug;
		};
		A90BFFF92C4F1DE100780254 /* Release */ = {
			isa = XCBuildConfiguration;
			buildSettings = {
				CODE_SIGN_STYLE = Automatic;
				PRODUCT_NAME = "$(TARGET_NAME)";
				SWIFT_VERSION = 5.0;
			};
			name = Release;
		};
		A9314AFC2C53A23200A65392 /* Debug */ = {
			isa = XCBuildConfiguration;
			buildSettings = {
				CODE_SIGN_STYLE = Automatic;
				PRODUCT_NAME = "$(TARGET_NAME)";
				SWIFT_VERSION = 5.0;
			};
			name = Debug;
		};
		A9314AFD2C53A23200A65392 /* Release */ = {
			isa = XCBuildConfiguration;
			buildSettings = {
				CODE_SIGN_STYLE = Automatic;
				PRODUCT_NAME = "$(TARGET_NAME)";
				SWIFT_VERSION = 5.0;
			};
			name = Release;
		};
		A9314B082C53A2AF00A65392 /* Debug */ = {
			isa = XCBuildConfiguration;
			buildSettings = {
				CODE_SIGN_STYLE = Automatic;
				PRODUCT_NAME = "$(TARGET_NAME)";
				SWIFT_VERSION = 5.0;
			};
			name = Debug;
		};
		A9314B092C53A2AF00A65392 /* Release */ = {
			isa = XCBuildConfiguration;
			buildSettings = {
				CODE_SIGN_STYLE = Automatic;
				PRODUCT_NAME = "$(TARGET_NAME)";
				SWIFT_VERSION = 5.0;
			};
			name = Release;
		};
		A9314B132C53A4AC00A65392 /* Debug */ = {
			isa = XCBuildConfiguration;
			buildSettings = {
				CODE_SIGN_STYLE = Automatic;
				PRODUCT_NAME = "$(TARGET_NAME)";
				SWIFT_VERSION = 5.0;
			};
			name = Debug;
		};
		A9314B142C53A4AC00A65392 /* Release */ = {
			isa = XCBuildConfiguration;
			buildSettings = {
				CODE_SIGN_STYLE = Automatic;
				PRODUCT_NAME = "$(TARGET_NAME)";
				SWIFT_VERSION = 5.0;
			};
			name = Release;
		};
		A9314B1E2C53A84D00A65392 /* Debug */ = {
			isa = XCBuildConfiguration;
			buildSettings = {
				CODE_SIGN_STYLE = Automatic;
				PRODUCT_NAME = "$(TARGET_NAME)";
				SWIFT_VERSION = 5.0;
			};
			name = Debug;
		};
		A9314B1F2C53A84D00A65392 /* Release */ = {
			isa = XCBuildConfiguration;
			buildSettings = {
				CODE_SIGN_STYLE = Automatic;
				PRODUCT_NAME = "$(TARGET_NAME)";
				SWIFT_VERSION = 5.0;
			};
			name = Release;
		};
		A9314B292C5FA84300A65392 /* Debug */ = {
			isa = XCBuildConfiguration;
			buildSettings = {
				CODE_SIGN_STYLE = Automatic;
				PRODUCT_NAME = "$(TARGET_NAME)";
				SWIFT_VERSION = 5.0;
			};
			name = Debug;
		};
		A9314B2A2C5FA84300A65392 /* Release */ = {
			isa = XCBuildConfiguration;
			buildSettings = {
				CODE_SIGN_STYLE = Automatic;
				PRODUCT_NAME = "$(TARGET_NAME)";
				SWIFT_VERSION = 5.0;
			};
			name = Release;
		};
		A93585E62C425E7E0070E066 /* Debug */ = {
			isa = XCBuildConfiguration;
			buildSettings = {
				ALWAYS_SEARCH_USER_PATHS = NO;
				ASSETCATALOG_COMPILER_GENERATE_SWIFT_ASSET_SYMBOL_EXTENSIONS = YES;
				CLANG_ANALYZER_NONNULL = YES;
				CLANG_ANALYZER_NUMBER_OBJECT_CONVERSION = YES_AGGRESSIVE;
				CLANG_CXX_LANGUAGE_STANDARD = "gnu++20";
				CLANG_ENABLE_MODULES = YES;
				CLANG_ENABLE_OBJC_ARC = YES;
				CLANG_ENABLE_OBJC_WEAK = YES;
				CLANG_WARN_BLOCK_CAPTURE_AUTORELEASING = YES;
				CLANG_WARN_BOOL_CONVERSION = YES;
				CLANG_WARN_COMMA = YES;
				CLANG_WARN_CONSTANT_CONVERSION = YES;
				CLANG_WARN_DEPRECATED_OBJC_IMPLEMENTATIONS = YES;
				CLANG_WARN_DIRECT_OBJC_ISA_USAGE = YES_ERROR;
				CLANG_WARN_DOCUMENTATION_COMMENTS = YES;
				CLANG_WARN_EMPTY_BODY = YES;
				CLANG_WARN_ENUM_CONVERSION = YES;
				CLANG_WARN_INFINITE_RECURSION = YES;
				CLANG_WARN_INT_CONVERSION = YES;
				CLANG_WARN_NON_LITERAL_NULL_CONVERSION = YES;
				CLANG_WARN_OBJC_IMPLICIT_RETAIN_SELF = YES;
				CLANG_WARN_OBJC_LITERAL_CONVERSION = YES;
				CLANG_WARN_OBJC_ROOT_CLASS = YES_ERROR;
				CLANG_WARN_QUOTED_INCLUDE_IN_FRAMEWORK_HEADER = YES;
				CLANG_WARN_RANGE_LOOP_ANALYSIS = YES;
				CLANG_WARN_STRICT_PROTOTYPES = YES;
				CLANG_WARN_SUSPICIOUS_MOVE = YES;
				CLANG_WARN_UNGUARDED_AVAILABILITY = YES_AGGRESSIVE;
				CLANG_WARN_UNREACHABLE_CODE = YES;
				CLANG_WARN__DUPLICATE_METHOD_MATCH = YES;
				COPY_PHASE_STRIP = NO;
				DEBUG_INFORMATION_FORMAT = dwarf;
				ENABLE_STRICT_OBJC_MSGSEND = YES;
				ENABLE_TESTABILITY = YES;
				ENABLE_USER_SCRIPT_SANDBOXING = YES;
				GCC_C_LANGUAGE_STANDARD = gnu17;
				GCC_DYNAMIC_NO_PIC = NO;
				GCC_NO_COMMON_BLOCKS = YES;
				GCC_OPTIMIZATION_LEVEL = 0;
				GCC_PREPROCESSOR_DEFINITIONS = (
					"DEBUG=1",
					"$(inherited)",
				);
				GCC_WARN_64_TO_32_BIT_CONVERSION = YES;
				GCC_WARN_ABOUT_RETURN_TYPE = YES_ERROR;
				GCC_WARN_UNDECLARED_SELECTOR = YES;
				GCC_WARN_UNINITIALIZED_AUTOS = YES_AGGRESSIVE;
				GCC_WARN_UNUSED_FUNCTION = YES;
				GCC_WARN_UNUSED_VARIABLE = YES;
				LOCALIZATION_PREFERS_STRING_CATALOGS = YES;
				MACOSX_DEPLOYMENT_TARGET = 14.5;
				MTL_ENABLE_DEBUG_INFO = INCLUDE_SOURCE;
				MTL_FAST_MATH = YES;
				ONLY_ACTIVE_ARCH = YES;
				SDKROOT = macosx;
				SWIFT_ACTIVE_COMPILATION_CONDITIONS = "DEBUG $(inherited)";
				SWIFT_OPTIMIZATION_LEVEL = "-Onone";
			};
			name = Debug;
		};
		A93585E72C425E7E0070E066 /* Release */ = {
			isa = XCBuildConfiguration;
			buildSettings = {
				ALWAYS_SEARCH_USER_PATHS = NO;
				ASSETCATALOG_COMPILER_GENERATE_SWIFT_ASSET_SYMBOL_EXTENSIONS = YES;
				CLANG_ANALYZER_NONNULL = YES;
				CLANG_ANALYZER_NUMBER_OBJECT_CONVERSION = YES_AGGRESSIVE;
				CLANG_CXX_LANGUAGE_STANDARD = "gnu++20";
				CLANG_ENABLE_MODULES = YES;
				CLANG_ENABLE_OBJC_ARC = YES;
				CLANG_ENABLE_OBJC_WEAK = YES;
				CLANG_WARN_BLOCK_CAPTURE_AUTORELEASING = YES;
				CLANG_WARN_BOOL_CONVERSION = YES;
				CLANG_WARN_COMMA = YES;
				CLANG_WARN_CONSTANT_CONVERSION = YES;
				CLANG_WARN_DEPRECATED_OBJC_IMPLEMENTATIONS = YES;
				CLANG_WARN_DIRECT_OBJC_ISA_USAGE = YES_ERROR;
				CLANG_WARN_DOCUMENTATION_COMMENTS = YES;
				CLANG_WARN_EMPTY_BODY = YES;
				CLANG_WARN_ENUM_CONVERSION = YES;
				CLANG_WARN_INFINITE_RECURSION = YES;
				CLANG_WARN_INT_CONVERSION = YES;
				CLANG_WARN_NON_LITERAL_NULL_CONVERSION = YES;
				CLANG_WARN_OBJC_IMPLICIT_RETAIN_SELF = YES;
				CLANG_WARN_OBJC_LITERAL_CONVERSION = YES;
				CLANG_WARN_OBJC_ROOT_CLASS = YES_ERROR;
				CLANG_WARN_QUOTED_INCLUDE_IN_FRAMEWORK_HEADER = YES;
				CLANG_WARN_RANGE_LOOP_ANALYSIS = YES;
				CLANG_WARN_STRICT_PROTOTYPES = YES;
				CLANG_WARN_SUSPICIOUS_MOVE = YES;
				CLANG_WARN_UNGUARDED_AVAILABILITY = YES_AGGRESSIVE;
				CLANG_WARN_UNREACHABLE_CODE = YES;
				CLANG_WARN__DUPLICATE_METHOD_MATCH = YES;
				COPY_PHASE_STRIP = NO;
				DEBUG_INFORMATION_FORMAT = "dwarf-with-dsym";
				ENABLE_NS_ASSERTIONS = NO;
				ENABLE_STRICT_OBJC_MSGSEND = YES;
				ENABLE_USER_SCRIPT_SANDBOXING = YES;
				GCC_C_LANGUAGE_STANDARD = gnu17;
				GCC_NO_COMMON_BLOCKS = YES;
				GCC_WARN_64_TO_32_BIT_CONVERSION = YES;
				GCC_WARN_ABOUT_RETURN_TYPE = YES_ERROR;
				GCC_WARN_UNDECLARED_SELECTOR = YES;
				GCC_WARN_UNINITIALIZED_AUTOS = YES_AGGRESSIVE;
				GCC_WARN_UNUSED_FUNCTION = YES;
				GCC_WARN_UNUSED_VARIABLE = YES;
				LOCALIZATION_PREFERS_STRING_CATALOGS = YES;
				MACOSX_DEPLOYMENT_TARGET = 14.5;
				MTL_ENABLE_DEBUG_INFO = NO;
				MTL_FAST_MATH = YES;
				SDKROOT = macosx;
				SWIFT_COMPILATION_MODE = wholemodule;
			};
			name = Release;
		};
		A9A6D7732C51BFF0001DB0D9 /* Debug */ = {
			isa = XCBuildConfiguration;
			buildSettings = {
				CODE_SIGN_STYLE = Automatic;
				PRODUCT_NAME = "$(TARGET_NAME)";
				SWIFT_VERSION = 5.0;
			};
			name = Debug;
		};
		A9A6D7742C51BFF0001DB0D9 /* Release */ = {
			isa = XCBuildConfiguration;
			buildSettings = {
				CODE_SIGN_STYLE = Automatic;
				PRODUCT_NAME = "$(TARGET_NAME)";
				SWIFT_VERSION = 5.0;
			};
			name = Release;
		};
		A9A6D77F2C51C482001DB0D9 /* Debug */ = {
			isa = XCBuildConfiguration;
			buildSettings = {
				CODE_SIGN_STYLE = Automatic;
				PRODUCT_NAME = "$(TARGET_NAME)";
				SWIFT_VERSION = 5.0;
			};
			name = Debug;
		};
		A9A6D7802C51C482001DB0D9 /* Release */ = {
			isa = XCBuildConfiguration;
			buildSettings = {
				CODE_SIGN_STYLE = Automatic;
				PRODUCT_NAME = "$(TARGET_NAME)";
				SWIFT_VERSION = 5.0;
			};
			name = Release;
		};
		A9A6D78A2C51C69F001DB0D9 /* Debug */ = {
			isa = XCBuildConfiguration;
			buildSettings = {
				CODE_SIGN_STYLE = Automatic;
				PRODUCT_NAME = "$(TARGET_NAME)";
				SWIFT_VERSION = 5.0;
			};
			name = Debug;
		};
		A9A6D78B2C51C69F001DB0D9 /* Release */ = {
			isa = XCBuildConfiguration;
			buildSettings = {
				CODE_SIGN_STYLE = Automatic;
				PRODUCT_NAME = "$(TARGET_NAME)";
				SWIFT_VERSION = 5.0;
			};
			name = Release;
		};
		A9A6D7952C51C821001DB0D9 /* Debug */ = {
			isa = XCBuildConfiguration;
			buildSettings = {
				CODE_SIGN_STYLE = Automatic;
				PRODUCT_NAME = "$(TARGET_NAME)";
				SWIFT_VERSION = 5.0;
			};
			name = Debug;
		};
		A9A6D7962C51C821001DB0D9 /* Release */ = {
			isa = XCBuildConfiguration;
			buildSettings = {
				CODE_SIGN_STYLE = Automatic;
				PRODUCT_NAME = "$(TARGET_NAME)";
				SWIFT_VERSION = 5.0;
			};
			name = Release;
		};
		A9A6D7A02C51CB35001DB0D9 /* Debug */ = {
			isa = XCBuildConfiguration;
			buildSettings = {
				CODE_SIGN_STYLE = Automatic;
				PRODUCT_NAME = "$(TARGET_NAME)";
				SWIFT_VERSION = 5.0;
			};
			name = Debug;
		};
		A9A6D7A12C51CB35001DB0D9 /* Release */ = {
			isa = XCBuildConfiguration;
			buildSettings = {
				CODE_SIGN_STYLE = Automatic;
				PRODUCT_NAME = "$(TARGET_NAME)";
				SWIFT_VERSION = 5.0;
			};
			name = Release;
		};
		A9F7FCE22C4E624800705039 /* Debug */ = {
			isa = XCBuildConfiguration;
			buildSettings = {
				CODE_SIGN_STYLE = Automatic;
				PRODUCT_NAME = "$(TARGET_NAME)";
				SWIFT_VERSION = 5.0;
			};
			name = Debug;
		};
		A9F7FCE32C4E624800705039 /* Release */ = {
			isa = XCBuildConfiguration;
			buildSettings = {
				CODE_SIGN_STYLE = Automatic;
				PRODUCT_NAME = "$(TARGET_NAME)";
				SWIFT_VERSION = 5.0;
			};
			name = Release;
		};
		A9F7FCED2C4E626300705039 /* Debug */ = {
			isa = XCBuildConfiguration;
			buildSettings = {
				CODE_SIGN_STYLE = Automatic;
				PRODUCT_NAME = "$(TARGET_NAME)";
				SWIFT_VERSION = 5.0;
			};
			name = Debug;
		};
		A9F7FCEE2C4E626300705039 /* Release */ = {
			isa = XCBuildConfiguration;
			buildSettings = {
				CODE_SIGN_STYLE = Automatic;
				PRODUCT_NAME = "$(TARGET_NAME)";
				SWIFT_VERSION = 5.0;
			};
			name = Release;
		};
		A9F7FCF82C4E627B00705039 /* Debug */ = {
			isa = XCBuildConfiguration;
			buildSettings = {
				CODE_SIGN_STYLE = Automatic;
				PRODUCT_NAME = "$(TARGET_NAME)";
				SWIFT_VERSION = 5.0;
			};
			name = Debug;
		};
		A9F7FCF92C4E627B00705039 /* Release */ = {
			isa = XCBuildConfiguration;
			buildSettings = {
				CODE_SIGN_STYLE = Automatic;
				PRODUCT_NAME = "$(TARGET_NAME)";
				SWIFT_VERSION = 5.0;
			};
			name = Release;
		};
		A9F7FD032C4E628F00705039 /* Debug */ = {
			isa = XCBuildConfiguration;
			buildSettings = {
				CODE_SIGN_STYLE = Automatic;
				PRODUCT_NAME = "$(TARGET_NAME)";
				SWIFT_VERSION = 5.0;
			};
			name = Debug;
		};
		A9F7FD042C4E628F00705039 /* Release */ = {
			isa = XCBuildConfiguration;
			buildSettings = {
				CODE_SIGN_STYLE = Automatic;
				PRODUCT_NAME = "$(TARGET_NAME)";
				SWIFT_VERSION = 5.0;
			};
			name = Release;
		};
		A9F7FD0E2C4E62A600705039 /* Debug */ = {
			isa = XCBuildConfiguration;
			buildSettings = {
				CODE_SIGN_STYLE = Automatic;
				PRODUCT_NAME = "$(TARGET_NAME)";
				SWIFT_VERSION = 5.0;
			};
			name = Debug;
		};
		A9F7FD0F2C4E62A600705039 /* Release */ = {
			isa = XCBuildConfiguration;
			buildSettings = {
				CODE_SIGN_STYLE = Automatic;
				PRODUCT_NAME = "$(TARGET_NAME)";
				SWIFT_VERSION = 5.0;
			};
			name = Release;
		};
		A9F7FD192C4E62B800705039 /* Debug */ = {
			isa = XCBuildConfiguration;
			buildSettings = {
				CODE_SIGN_STYLE = Automatic;
				PRODUCT_NAME = "$(TARGET_NAME)";
				SWIFT_VERSION = 5.0;
			};
			name = Debug;
		};
		A9F7FD1A2C4E62B800705039 /* Release */ = {
			isa = XCBuildConfiguration;
			buildSettings = {
				CODE_SIGN_STYLE = Automatic;
				PRODUCT_NAME = "$(TARGET_NAME)";
				SWIFT_VERSION = 5.0;
			};
			name = Release;
		};
		A9F7FD242C4E62C900705039 /* Debug */ = {
			isa = XCBuildConfiguration;
			buildSettings = {
				CODE_SIGN_STYLE = Automatic;
				PRODUCT_NAME = "$(TARGET_NAME)";
				SWIFT_VERSION = 5.0;
			};
			name = Debug;
		};
		A9F7FD252C4E62C900705039 /* Release */ = {
			isa = XCBuildConfiguration;
			buildSettings = {
				CODE_SIGN_STYLE = Automatic;
				PRODUCT_NAME = "$(TARGET_NAME)";
				SWIFT_VERSION = 5.0;
			};
			name = Release;
		};
		A9F7FD2F2C4E635500705039 /* Debug */ = {
			isa = XCBuildConfiguration;
			buildSettings = {
				CODE_SIGN_STYLE = Automatic;
				PRODUCT_NAME = "$(TARGET_NAME)";
				SWIFT_VERSION = 5.0;
			};
			name = Debug;
		};
		A9F7FD302C4E635500705039 /* Release */ = {
			isa = XCBuildConfiguration;
			buildSettings = {
				CODE_SIGN_STYLE = Automatic;
				PRODUCT_NAME = "$(TARGET_NAME)";
				SWIFT_VERSION = 5.0;
			};
			name = Release;
		};
		A9F7FD3A2C4E652B00705039 /* Debug */ = {
			isa = XCBuildConfiguration;
			buildSettings = {
				CODE_SIGN_STYLE = Automatic;
				PRODUCT_NAME = "$(TARGET_NAME)";
				SWIFT_VERSION = 5.0;
			};
			name = Debug;
		};
		A9F7FD3B2C4E652B00705039 /* Release */ = {
			isa = XCBuildConfiguration;
			buildSettings = {
				CODE_SIGN_STYLE = Automatic;
				PRODUCT_NAME = "$(TARGET_NAME)";
				SWIFT_VERSION = 5.0;
			};
			name = Release;
		};
		A9F7FD452C4E65A700705039 /* Debug */ = {
			isa = XCBuildConfiguration;
			buildSettings = {
				CODE_SIGN_STYLE = Automatic;
				PRODUCT_NAME = "$(TARGET_NAME)";
				SWIFT_VERSION = 5.0;
			};
			name = Debug;
		};
		A9F7FD462C4E65A700705039 /* Release */ = {
			isa = XCBuildConfiguration;
			buildSettings = {
				CODE_SIGN_STYLE = Automatic;
				PRODUCT_NAME = "$(TARGET_NAME)";
				SWIFT_VERSION = 5.0;
			};
			name = Release;
		};
/* End XCBuildConfiguration section */

/* Begin XCConfigurationList section */
		A90376382C60436B00C8EC09 /* Build configuration list for PBXNativeTarget "181914" */ = {
			isa = XCConfigurationList;
			buildConfigurations = (
				A90376362C60436B00C8EC09 /* Debug */,
				A90376372C60436B00C8EC09 /* Release */,
			);
			defaultConfigurationIsVisible = 0;
			defaultConfigurationName = Release;
		};
		A90376412C60458900C8EC09 /* Build configuration list for PBXNativeTarget "181913" */ = {
			isa = XCConfigurationList;
			buildConfigurations = (
				A90376422C60458900C8EC09 /* Debug */,
				A90376432C60458900C8EC09 /* Release */,
			);
			defaultConfigurationIsVisible = 0;
			defaultConfigurationName = Release;
		};
		A90B00022C4F232E00780254 /* Build configuration list for PBXNativeTarget "181928" */ = {
			isa = XCConfigurationList;
			buildConfigurations = (
				A90B00032C4F232E00780254 /* Debug */,
				A90B00042C4F232E00780254 /* Release */,
			);
			defaultConfigurationIsVisible = 0;
			defaultConfigurationName = Release;
		};
		A90B000D2C4F24C200780254 /* Build configuration list for PBXNativeTarget "181927" */ = {
			isa = XCConfigurationList;
			buildConfigurations = (
				A90B000E2C4F24C200780254 /* Debug */,
				A90B000F2C4F24C200780254 /* Release */,
			);
			defaultConfigurationIsVisible = 0;
			defaultConfigurationName = Release;
		};
		A90B00182C4F260200780254 /* Build configuration list for PBXNativeTarget "181926" */ = {
			isa = XCConfigurationList;
			buildConfigurations = (
				A90B00192C4F260200780254 /* Debug */,
				A90B001A2C4F260200780254 /* Release */,
			);
			defaultConfigurationIsVisible = 0;
			defaultConfigurationName = Release;
		};
		A90BFFEE2C4F1C4400780254 /* Build configuration list for PBXNativeTarget "191831" */ = {
			isa = XCConfigurationList;
			buildConfigurations = (
				A90BFFEC2C4F1C4400780254 /* Debug */,
				A90BFFED2C4F1C4400780254 /* Release */,
			);
			defaultConfigurationIsVisible = 0;
			defaultConfigurationName = Release;
		};
		A90BFFF72C4F1DE100780254 /* Build configuration list for PBXNativeTarget "181930" */ = {
			isa = XCConfigurationList;
			buildConfigurations = (
				A90BFFF82C4F1DE100780254 /* Debug */,
				A90BFFF92C4F1DE100780254 /* Release */,
			);
			defaultConfigurationIsVisible = 0;
			defaultConfigurationName = Release;
		};
		A9314AFE2C53A23200A65392 /* Build configuration list for PBXNativeTarget "181920" */ = {
			isa = XCConfigurationList;
			buildConfigurations = (
				A9314AFC2C53A23200A65392 /* Debug */,
				A9314AFD2C53A23200A65392 /* Release */,
			);
			defaultConfigurationIsVisible = 0;
			defaultConfigurationName = Release;
		};
		A9314B072C53A2AF00A65392 /* Build configuration list for PBXNativeTarget "181919" */ = {
			isa = XCConfigurationList;
			buildConfigurations = (
				A9314B082C53A2AF00A65392 /* Debug */,
				A9314B092C53A2AF00A65392 /* Release */,
			);
			defaultConfigurationIsVisible = 0;
			defaultConfigurationName = Release;
		};
		A9314B122C53A4AC00A65392 /* Build configuration list for PBXNativeTarget "181918" */ = {
			isa = XCConfigurationList;
			buildConfigurations = (
				A9314B132C53A4AC00A65392 /* Debug */,
				A9314B142C53A4AC00A65392 /* Release */,
			);
			defaultConfigurationIsVisible = 0;
			defaultConfigurationName = Release;
		};
		A9314B1D2C53A84D00A65392 /* Build configuration list for PBXNativeTarget "181917" */ = {
			isa = XCConfigurationList;
			buildConfigurations = (
				A9314B1E2C53A84D00A65392 /* Debug */,
				A9314B1F2C53A84D00A65392 /* Release */,
			);
			defaultConfigurationIsVisible = 0;
			defaultConfigurationName = Release;
		};
		A9314B282C5FA84300A65392 /* Build configuration list for PBXNativeTarget "181915" */ = {
			isa = XCConfigurationList;
			buildConfigurations = (
				A9314B292C5FA84300A65392 /* Debug */,
				A9314B2A2C5FA84300A65392 /* Release */,
			);
			defaultConfigurationIsVisible = 0;
			defaultConfigurationName = Release;
		};
		A93585DC2C425E7E0070E066 /* Build configuration list for PBXProject "programmers-phase0" */ = {
			isa = XCConfigurationList;
			buildConfigurations = (
				A93585E62C425E7E0070E066 /* Debug */,
				A93585E72C425E7E0070E066 /* Release */,
			);
			defaultConfigurationIsVisible = 0;
			defaultConfigurationName = Release;
		};
		A9A6D7752C51BFF0001DB0D9 /* Build configuration list for PBXNativeTarget "120840" */ = {
			isa = XCConfigurationList;
			buildConfigurations = (
				A9A6D7732C51BFF0001DB0D9 /* Debug */,
				A9A6D7742C51BFF0001DB0D9 /* Release */,
			);
			defaultConfigurationIsVisible = 0;
			defaultConfigurationName = Release;
		};
		A9A6D77E2C51C482001DB0D9 /* Build configuration list for PBXNativeTarget "181925" */ = {
			isa = XCConfigurationList;
			buildConfigurations = (
				A9A6D77F2C51C482001DB0D9 /* Debug */,
				A9A6D7802C51C482001DB0D9 /* Release */,
			);
			defaultConfigurationIsVisible = 0;
			defaultConfigurationName = Release;
		};
		A9A6D7892C51C69F001DB0D9 /* Build configuration list for PBXNativeTarget "181924" */ = {
			isa = XCConfigurationList;
			buildConfigurations = (
				A9A6D78A2C51C69F001DB0D9 /* Debug */,
				A9A6D78B2C51C69F001DB0D9 /* Release */,
			);
			defaultConfigurationIsVisible = 0;
			defaultConfigurationName = Release;
		};
		A9A6D7942C51C821001DB0D9 /* Build configuration list for PBXNativeTarget "181923" */ = {
			isa = XCConfigurationList;
			buildConfigurations = (
				A9A6D7952C51C821001DB0D9 /* Debug */,
				A9A6D7962C51C821001DB0D9 /* Release */,
			);
			defaultConfigurationIsVisible = 0;
			defaultConfigurationName = Release;
		};
		A9A6D79F2C51CB35001DB0D9 /* Build configuration list for PBXNativeTarget "181922" */ = {
			isa = XCConfigurationList;
			buildConfigurations = (
				A9A6D7A02C51CB35001DB0D9 /* Debug */,
				A9A6D7A12C51CB35001DB0D9 /* Release */,
			);
			defaultConfigurationIsVisible = 0;
			defaultConfigurationName = Release;
		};
		A9F7FCE12C4E624800705039 /* Build configuration list for PBXNativeTarget "181935" */ = {
			isa = XCConfigurationList;
			buildConfigurations = (
				A9F7FCE22C4E624800705039 /* Debug */,
				A9F7FCE32C4E624800705039 /* Release */,
			);
			defaultConfigurationIsVisible = 0;
			defaultConfigurationName = Release;
		};
		A9F7FCEC2C4E626300705039 /* Build configuration list for PBXNativeTarget "181936" */ = {
			isa = XCConfigurationList;
			buildConfigurations = (
				A9F7FCED2C4E626300705039 /* Debug */,
				A9F7FCEE2C4E626300705039 /* Release */,
			);
			defaultConfigurationIsVisible = 0;
			defaultConfigurationName = Release;
		};
		A9F7FCF72C4E627B00705039 /* Build configuration list for PBXNativeTarget "181938" */ = {
			isa = XCConfigurationList;
			buildConfigurations = (
				A9F7FCF82C4E627B00705039 /* Debug */,
				A9F7FCF92C4E627B00705039 /* Release */,
			);
			defaultConfigurationIsVisible = 0;
			defaultConfigurationName = Release;
		};
		A9F7FD022C4E628F00705039 /* Build configuration list for PBXNativeTarget "181939" */ = {
			isa = XCConfigurationList;
			buildConfigurations = (
				A9F7FD032C4E628F00705039 /* Debug */,
				A9F7FD042C4E628F00705039 /* Release */,
			);
			defaultConfigurationIsVisible = 0;
			defaultConfigurationName = Release;
		};
		A9F7FD0D2C4E62A600705039 /* Build configuration list for PBXNativeTarget "181940" */ = {
			isa = XCConfigurationList;
			buildConfigurations = (
				A9F7FD0E2C4E62A600705039 /* Debug */,
				A9F7FD0F2C4E62A600705039 /* Release */,
			);
			defaultConfigurationIsVisible = 0;
			defaultConfigurationName = Release;
		};
		A9F7FD182C4E62B800705039 /* Build configuration list for PBXNativeTarget "181941" */ = {
			isa = XCConfigurationList;
			buildConfigurations = (
				A9F7FD192C4E62B800705039 /* Debug */,
				A9F7FD1A2C4E62B800705039 /* Release */,
			);
			defaultConfigurationIsVisible = 0;
			defaultConfigurationName = Release;
		};
		A9F7FD232C4E62C900705039 /* Build configuration list for PBXNativeTarget "181942" */ = {
			isa = XCConfigurationList;
			buildConfigurations = (
				A9F7FD242C4E62C900705039 /* Debug */,
				A9F7FD252C4E62C900705039 /* Release */,
			);
			defaultConfigurationIsVisible = 0;
			defaultConfigurationName = Release;
		};
		A9F7FD2E2C4E635500705039 /* Build configuration list for PBXNativeTarget "181934" */ = {
			isa = XCConfigurationList;
			buildConfigurations = (
				A9F7FD2F2C4E635500705039 /* Debug */,
				A9F7FD302C4E635500705039 /* Release */,
			);
			defaultConfigurationIsVisible = 0;
			defaultConfigurationName = Release;
		};
		A9F7FD392C4E652B00705039 /* Build configuration list for PBXNativeTarget "181933" */ = {
			isa = XCConfigurationList;
			buildConfigurations = (
				A9F7FD3A2C4E652B00705039 /* Debug */,
				A9F7FD3B2C4E652B00705039 /* Release */,
			);
			defaultConfigurationIsVisible = 0;
			defaultConfigurationName = Release;
		};
		A9F7FD442C4E65A700705039 /* Build configuration list for PBXNativeTarget "181932" */ = {
			isa = XCConfigurationList;
			buildConfigurations = (
				A9F7FD452C4E65A700705039 /* Debug */,
				A9F7FD462C4E65A700705039 /* Release */,
			);
			defaultConfigurationIsVisible = 0;
			defaultConfigurationName = Release;
		};
/* End XCConfigurationList section */
	};
	rootObject = A93585D92C425E7E0070E066 /* Project object */;
}
