// !$*UTF8*$!
{
	archiveVersion = 1;
	classes = {
	};
	objectVersion = 56;
	objects = {

/* Begin PBXBuildFile section */
		A90B00012C4F232E00780254 /* main.swift in Sources */ = {isa = PBXBuildFile; fileRef = A90B00002C4F232E00780254 /* main.swift */; };
		A90B000C2C4F24C200780254 /* main.swift in Sources */ = {isa = PBXBuildFile; fileRef = A90B000B2C4F24C200780254 /* main.swift */; };
		A90B00172C4F260200780254 /* main.swift in Sources */ = {isa = PBXBuildFile; fileRef = A90B00162C4F260200780254 /* main.swift */; };
		A90BFFEB2C4F1C4400780254 /* main.swift in Sources */ = {isa = PBXBuildFile; fileRef = A90BFFEA2C4F1C4400780254 /* main.swift */; };
		A90BFFF62C4F1DE100780254 /* main.swift in Sources */ = {isa = PBXBuildFile; fileRef = A90BFFF52C4F1DE100780254 /* main.swift */; };
		A9F7FCE02C4E624800705039 /* main.swift in Sources */ = {isa = PBXBuildFile; fileRef = A9F7FCDF2C4E624800705039 /* main.swift */; };
		A9F7FCEB2C4E626300705039 /* main.swift in Sources */ = {isa = PBXBuildFile; fileRef = A9F7FCEA2C4E626300705039 /* main.swift */; };
		A9F7FCF62C4E627B00705039 /* main.swift in Sources */ = {isa = PBXBuildFile; fileRef = A9F7FCF52C4E627B00705039 /* main.swift */; };
		A9F7FD012C4E628F00705039 /* main.swift in Sources */ = {isa = PBXBuildFile; fileRef = A9F7FD002C4E628F00705039 /* main.swift */; };
		A9F7FD0C2C4E62A600705039 /* main.swift in Sources */ = {isa = PBXBuildFile; fileRef = A9F7FD0B2C4E62A600705039 /* main.swift */; };
		A9F7FD172C4E62B800705039 /* main.swift in Sources */ = {isa = PBXBuildFile; fileRef = A9F7FD162C4E62B800705039 /* main.swift */; };
		A9F7FD222C4E62C900705039 /* main.swift in Sources */ = {isa = PBXBuildFile; fileRef = A9F7FD212C4E62C900705039 /* main.swift */; };
		A9F7FD2D2C4E635500705039 /* main.swift in Sources */ = {isa = PBXBuildFile; fileRef = A9F7FD2C2C4E635500705039 /* main.swift */; };
		A9F7FD382C4E652B00705039 /* main.swift in Sources */ = {isa = PBXBuildFile; fileRef = A9F7FD372C4E652B00705039 /* main.swift */; };
		A9F7FD432C4E65A700705039 /* main.swift in Sources */ = {isa = PBXBuildFile; fileRef = A9F7FD422C4E65A700705039 /* main.swift */; };
/* End PBXBuildFile section */

/* Begin PBXCopyFilesBuildPhase section */
		A90B00072C4F24C200780254 /* CopyFiles */ = {
			isa = PBXCopyFilesBuildPhase;
			buildActionMask = 2147483647;
			dstPath = /usr/share/man/man1/;
			dstSubfolderSpec = 0;
			files = (
			);
			runOnlyForDeploymentPostprocessing = 1;
		};
		A90B00122C4F260200780254 /* CopyFiles */ = {
			isa = PBXCopyFilesBuildPhase;
			buildActionMask = 2147483647;
			dstPath = /usr/share/man/man1/;
			dstSubfolderSpec = 0;
			files = (
			);
			runOnlyForDeploymentPostprocessing = 1;
		};
		A90BFFE62C4F1C4400780254 /* CopyFiles */ = {
			isa = PBXCopyFilesBuildPhase;
			buildActionMask = 2147483647;
			dstPath = /usr/share/man/man1/;
			dstSubfolderSpec = 0;
			files = (
			);
			runOnlyForDeploymentPostprocessing = 1;
		};
		A90BFFF12C4F1DE100780254 /* CopyFiles */ = {
			isa = PBXCopyFilesBuildPhase;
			buildActionMask = 2147483647;
			dstPath = /usr/share/man/man1/;
			dstSubfolderSpec = 0;
			files = (
			);
			runOnlyForDeploymentPostprocessing = 1;
		};
		A90BFFFC2C4F232E00780254 /* CopyFiles */ = {
			isa = PBXCopyFilesBuildPhase;
			buildActionMask = 2147483647;
			dstPath = /usr/share/man/man1/;
			dstSubfolderSpec = 0;
			files = (
			);
			runOnlyForDeploymentPostprocessing = 1;
		};
		A9F7FCDB2C4E624800705039 /* CopyFiles */ = {
			isa = PBXCopyFilesBuildPhase;
			buildActionMask = 2147483647;
			dstPath = /usr/share/man/man1/;
			dstSubfolderSpec = 0;
			files = (
			);
			runOnlyForDeploymentPostprocessing = 1;
		};
		A9F7FCE62C4E626300705039 /* CopyFiles */ = {
			isa = PBXCopyFilesBuildPhase;
			buildActionMask = 2147483647;
			dstPath = /usr/share/man/man1/;
			dstSubfolderSpec = 0;
			files = (
			);
			runOnlyForDeploymentPostprocessing = 1;
		};
		A9F7FCF12C4E627B00705039 /* CopyFiles */ = {
			isa = PBXCopyFilesBuildPhase;
			buildActionMask = 2147483647;
			dstPath = /usr/share/man/man1/;
			dstSubfolderSpec = 0;
			files = (
			);
			runOnlyForDeploymentPostprocessing = 1;
		};
		A9F7FCFC2C4E628F00705039 /* CopyFiles */ = {
			isa = PBXCopyFilesBuildPhase;
			buildActionMask = 2147483647;
			dstPath = /usr/share/man/man1/;
			dstSubfolderSpec = 0;
			files = (
			);
			runOnlyForDeploymentPostprocessing = 1;
		};
		A9F7FD072C4E62A600705039 /* CopyFiles */ = {
			isa = PBXCopyFilesBuildPhase;
			buildActionMask = 2147483647;
			dstPath = /usr/share/man/man1/;
			dstSubfolderSpec = 0;
			files = (
			);
			runOnlyForDeploymentPostprocessing = 1;
		};
		A9F7FD122C4E62B800705039 /* CopyFiles */ = {
			isa = PBXCopyFilesBuildPhase;
			buildActionMask = 2147483647;
			dstPath = /usr/share/man/man1/;
			dstSubfolderSpec = 0;
			files = (
			);
			runOnlyForDeploymentPostprocessing = 1;
		};
		A9F7FD1D2C4E62C900705039 /* CopyFiles */ = {
			isa = PBXCopyFilesBuildPhase;
			buildActionMask = 2147483647;
			dstPath = /usr/share/man/man1/;
			dstSubfolderSpec = 0;
			files = (
			);
			runOnlyForDeploymentPostprocessing = 1;
		};
		A9F7FD282C4E635500705039 /* CopyFiles */ = {
			isa = PBXCopyFilesBuildPhase;
			buildActionMask = 2147483647;
			dstPath = /usr/share/man/man1/;
			dstSubfolderSpec = 0;
			files = (
			);
			runOnlyForDeploymentPostprocessing = 1;
		};
		A9F7FD332C4E652B00705039 /* CopyFiles */ = {
			isa = PBXCopyFilesBuildPhase;
			buildActionMask = 2147483647;
			dstPath = /usr/share/man/man1/;
			dstSubfolderSpec = 0;
			files = (
			);
			runOnlyForDeploymentPostprocessing = 1;
		};
		A9F7FD3E2C4E65A700705039 /* CopyFiles */ = {
			isa = PBXCopyFilesBuildPhase;
			buildActionMask = 2147483647;
			dstPath = /usr/share/man/man1/;
			dstSubfolderSpec = 0;
			files = (
			);
			runOnlyForDeploymentPostprocessing = 1;
		};
/* End PBXCopyFilesBuildPhase section */

/* Begin PBXFileReference section */
		A90B00002C4F232E00780254 /* main.swift */ = {isa = PBXFileReference; lastKnownFileType = sourcecode.swift; path = main.swift; sourceTree = "<group>"; };
		A90B00092C4F24C200780254 /* 181927 */ = {isa = PBXFileReference; explicitFileType = "compiled.mach-o.executable"; includeInIndex = 0; path = 181927; sourceTree = BUILT_PRODUCTS_DIR; };
		A90B000B2C4F24C200780254 /* main.swift */ = {isa = PBXFileReference; lastKnownFileType = sourcecode.swift; path = main.swift; sourceTree = "<group>"; };
		A90B00142C4F260200780254 /* 181926 */ = {isa = PBXFileReference; explicitFileType = "compiled.mach-o.executable"; includeInIndex = 0; path = 181926; sourceTree = BUILT_PRODUCTS_DIR; };
		A90B00162C4F260200780254 /* main.swift */ = {isa = PBXFileReference; lastKnownFileType = sourcecode.swift; path = main.swift; sourceTree = "<group>"; };
		A90BFFE82C4F1C4400780254 /* 191831 */ = {isa = PBXFileReference; explicitFileType = "compiled.mach-o.executable"; includeInIndex = 0; path = 191831; sourceTree = BUILT_PRODUCTS_DIR; };
		A90BFFEA2C4F1C4400780254 /* main.swift */ = {isa = PBXFileReference; lastKnownFileType = sourcecode.swift; path = main.swift; sourceTree = "<group>"; };
		A90BFFF32C4F1DE100780254 /* 181930 */ = {isa = PBXFileReference; explicitFileType = "compiled.mach-o.executable"; includeInIndex = 0; path = 181930; sourceTree = BUILT_PRODUCTS_DIR; };
		A90BFFF52C4F1DE100780254 /* main.swift */ = {isa = PBXFileReference; lastKnownFileType = sourcecode.swift; path = main.swift; sourceTree = "<group>"; };
		A90BFFFE2C4F232E00780254 /* 181928 */ = {isa = PBXFileReference; explicitFileType = "compiled.mach-o.executable"; includeInIndex = 0; path = 181928; sourceTree = BUILT_PRODUCTS_DIR; };
		A9F7FCDD2C4E624800705039 /* 181935 */ = {isa = PBXFileReference; explicitFileType = "compiled.mach-o.executable"; includeInIndex = 0; path = 181935; sourceTree = BUILT_PRODUCTS_DIR; };
		A9F7FCDF2C4E624800705039 /* main.swift */ = {isa = PBXFileReference; lastKnownFileType = sourcecode.swift; path = main.swift; sourceTree = "<group>"; };
		A9F7FCE82C4E626300705039 /* 181936 */ = {isa = PBXFileReference; explicitFileType = "compiled.mach-o.executable"; includeInIndex = 0; path = 181936; sourceTree = BUILT_PRODUCTS_DIR; };
		A9F7FCEA2C4E626300705039 /* main.swift */ = {isa = PBXFileReference; lastKnownFileType = sourcecode.swift; path = main.swift; sourceTree = "<group>"; };
		A9F7FCF32C4E627B00705039 /* 181938 */ = {isa = PBXFileReference; explicitFileType = "compiled.mach-o.executable"; includeInIndex = 0; path = 181938; sourceTree = BUILT_PRODUCTS_DIR; };
		A9F7FCF52C4E627B00705039 /* main.swift */ = {isa = PBXFileReference; lastKnownFileType = sourcecode.swift; path = main.swift; sourceTree = "<group>"; };
		A9F7FCFE2C4E628F00705039 /* 181939 */ = {isa = PBXFileReference; explicitFileType = "compiled.mach-o.executable"; includeInIndex = 0; path = 181939; sourceTree = BUILT_PRODUCTS_DIR; };
		A9F7FD002C4E628F00705039 /* main.swift */ = {isa = PBXFileReference; lastKnownFileType = sourcecode.swift; path = main.swift; sourceTree = "<group>"; };
		A9F7FD092C4E62A600705039 /* 181940 */ = {isa = PBXFileReference; explicitFileType = "compiled.mach-o.executable"; includeInIndex = 0; path = 181940; sourceTree = BUILT_PRODUCTS_DIR; };
		A9F7FD0B2C4E62A600705039 /* main.swift */ = {isa = PBXFileReference; lastKnownFileType = sourcecode.swift; path = main.swift; sourceTree = "<group>"; };
		A9F7FD142C4E62B800705039 /* 181941 */ = {isa = PBXFileReference; explicitFileType = "compiled.mach-o.executable"; includeInIndex = 0; path = 181941; sourceTree = BUILT_PRODUCTS_DIR; };
		A9F7FD162C4E62B800705039 /* main.swift */ = {isa = PBXFileReference; lastKnownFileType = sourcecode.swift; path = main.swift; sourceTree = "<group>"; };
		A9F7FD1F2C4E62C900705039 /* 181942 */ = {isa = PBXFileReference; explicitFileType = "compiled.mach-o.executable"; includeInIndex = 0; path = 181942; sourceTree = BUILT_PRODUCTS_DIR; };
		A9F7FD212C4E62C900705039 /* main.swift */ = {isa = PBXFileReference; lastKnownFileType = sourcecode.swift; path = main.swift; sourceTree = "<group>"; };
		A9F7FD2A2C4E635500705039 /* 181934 */ = {isa = PBXFileReference; explicitFileType = "compiled.mach-o.executable"; includeInIndex = 0; path = 181934; sourceTree = BUILT_PRODUCTS_DIR; };
		A9F7FD2C2C4E635500705039 /* main.swift */ = {isa = PBXFileReference; lastKnownFileType = sourcecode.swift; path = main.swift; sourceTree = "<group>"; };
		A9F7FD352C4E652B00705039 /* 181933 */ = {isa = PBXFileReference; explicitFileType = "compiled.mach-o.executable"; includeInIndex = 0; path = 181933; sourceTree = BUILT_PRODUCTS_DIR; };
		A9F7FD372C4E652B00705039 /* main.swift */ = {isa = PBXFileReference; lastKnownFileType = sourcecode.swift; path = main.swift; sourceTree = "<group>"; };
		A9F7FD402C4E65A700705039 /* 181932 */ = {isa = PBXFileReference; explicitFileType = "compiled.mach-o.executable"; includeInIndex = 0; path = 181932; sourceTree = BUILT_PRODUCTS_DIR; };
		A9F7FD422C4E65A700705039 /* main.swift */ = {isa = PBXFileReference; lastKnownFileType = sourcecode.swift; path = main.swift; sourceTree = "<group>"; };
/* End PBXFileReference section */

/* Begin PBXFrameworksBuildPhase section */
		A90B00062C4F24C200780254 /* Frameworks */ = {
			isa = PBXFrameworksBuildPhase;
			buildActionMask = 2147483647;
			files = (
			);
			runOnlyForDeploymentPostprocessing = 0;
		};
		A90B00112C4F260200780254 /* Frameworks */ = {
			isa = PBXFrameworksBuildPhase;
			buildActionMask = 2147483647;
			files = (
			);
			runOnlyForDeploymentPostprocessing = 0;
		};
		A90BFFE52C4F1C4400780254 /* Frameworks */ = {
			isa = PBXFrameworksBuildPhase;
			buildActionMask = 2147483647;
			files = (
			);
			runOnlyForDeploymentPostprocessing = 0;
		};
		A90BFFF02C4F1DE100780254 /* Frameworks */ = {
			isa = PBXFrameworksBuildPhase;
			buildActionMask = 2147483647;
			files = (
			);
			runOnlyForDeploymentPostprocessing = 0;
		};
		A90BFFFB2C4F232E00780254 /* Frameworks */ = {
			isa = PBXFrameworksBuildPhase;
			buildActionMask = 2147483647;
			files = (
			);
			runOnlyForDeploymentPostprocessing = 0;
		};
		A9F7FCDA2C4E624800705039 /* Frameworks */ = {
			isa = PBXFrameworksBuildPhase;
			buildActionMask = 2147483647;
			files = (
			);
			runOnlyForDeploymentPostprocessing = 0;
		};
		A9F7FCE52C4E626300705039 /* Frameworks */ = {
			isa = PBXFrameworksBuildPhase;
			buildActionMask = 2147483647;
			files = (
			);
			runOnlyForDeploymentPostprocessing = 0;
		};
		A9F7FCF02C4E627B00705039 /* Frameworks */ = {
			isa = PBXFrameworksBuildPhase;
			buildActionMask = 2147483647;
			files = (
			);
			runOnlyForDeploymentPostprocessing = 0;
		};
		A9F7FCFB2C4E628F00705039 /* Frameworks */ = {
			isa = PBXFrameworksBuildPhase;
			buildActionMask = 2147483647;
			files = (
			);
			runOnlyForDeploymentPostprocessing = 0;
		};
		A9F7FD062C4E62A600705039 /* Frameworks */ = {
			isa = PBXFrameworksBuildPhase;
			buildActionMask = 2147483647;
			files = (
			);
			runOnlyForDeploymentPostprocessing = 0;
		};
		A9F7FD112C4E62B800705039 /* Frameworks */ = {
			isa = PBXFrameworksBuildPhase;
			buildActionMask = 2147483647;
			files = (
			);
			runOnlyForDeploymentPostprocessing = 0;
		};
		A9F7FD1C2C4E62C900705039 /* Frameworks */ = {
			isa = PBXFrameworksBuildPhase;
			buildActionMask = 2147483647;
			files = (
			);
			runOnlyForDeploymentPostprocessing = 0;
		};
		A9F7FD272C4E635500705039 /* Frameworks */ = {
			isa = PBXFrameworksBuildPhase;
			buildActionMask = 2147483647;
			files = (
			);
			runOnlyForDeploymentPostprocessing = 0;
		};
		A9F7FD322C4E652B00705039 /* Frameworks */ = {
			isa = PBXFrameworksBuildPhase;
			buildActionMask = 2147483647;
			files = (
			);
			runOnlyForDeploymentPostprocessing = 0;
		};
		A9F7FD3D2C4E65A700705039 /* Frameworks */ = {
			isa = PBXFrameworksBuildPhase;
			buildActionMask = 2147483647;
			files = (
			);
			runOnlyForDeploymentPostprocessing = 0;
		};
/* End PBXFrameworksBuildPhase section */

/* Begin PBXGroup section */
		A90B000A2C4F24C200780254 /* 181927 */ = {
			isa = PBXGroup;
			children = (
				A90B000B2C4F24C200780254 /* main.swift */,
			);
			path = 181927;
			sourceTree = "<group>";
		};
		A90B00152C4F260200780254 /* 181926 */ = {
			isa = PBXGroup;
			children = (
				A90B00162C4F260200780254 /* main.swift */,
			);
			path = 181926;
			sourceTree = "<group>";
		};
		A90BFFE92C4F1C4400780254 /* 191831 */ = {
			isa = PBXGroup;
			children = (
				A90BFFEA2C4F1C4400780254 /* main.swift */,
			);
			path = 191831;
			sourceTree = "<group>";
		};
		A90BFFF42C4F1DE100780254 /* 181930 */ = {
			isa = PBXGroup;
			children = (
				A90BFFF52C4F1DE100780254 /* main.swift */,
			);
			path = 181930;
			sourceTree = "<group>";
		};
		A90BFFFF2C4F232E00780254 /* 181928 */ = {
			isa = PBXGroup;
			children = (
				A90B00002C4F232E00780254 /* main.swift */,
			);
			path = 181928;
			sourceTree = "<group>";
		};
		A93585D82C425E7E0070E066 = {
			isa = PBXGroup;
			children = (
				A9F7FCDE2C4E624800705039 /* 181935 */,
				A9F7FCE92C4E626300705039 /* 181936 */,
				A9F7FCF42C4E627B00705039 /* 181938 */,
				A9F7FCFF2C4E628F00705039 /* 181939 */,
				A9F7FD0A2C4E62A600705039 /* 181940 */,
				A9F7FD152C4E62B800705039 /* 181941 */,
				A9F7FD202C4E62C900705039 /* 181942 */,
				A9F7FD2B2C4E635500705039 /* 181934 */,
				A9F7FD362C4E652B00705039 /* 181933 */,
				A9F7FD412C4E65A700705039 /* 181932 */,
				A90BFFE92C4F1C4400780254 /* 191831 */,
				A90BFFF42C4F1DE100780254 /* 181930 */,
				A90BFFFF2C4F232E00780254 /* 181928 */,
				A90B000A2C4F24C200780254 /* 181927 */,
				A90B00152C4F260200780254 /* 181926 */,
				A93585E22C425E7E0070E066 /* Products */,
			);
			sourceTree = "<group>";
		};
		A93585E22C425E7E0070E066 /* Products */ = {
			isa = PBXGroup;
			children = (
				A9F7FCDD2C4E624800705039 /* 181935 */,
				A9F7FCE82C4E626300705039 /* 181936 */,
				A9F7FCF32C4E627B00705039 /* 181938 */,
				A9F7FCFE2C4E628F00705039 /* 181939 */,
				A9F7FD092C4E62A600705039 /* 181940 */,
				A9F7FD142C4E62B800705039 /* 181941 */,
				A9F7FD1F2C4E62C900705039 /* 181942 */,
				A9F7FD2A2C4E635500705039 /* 181934 */,
				A9F7FD352C4E652B00705039 /* 181933 */,
				A9F7FD402C4E65A700705039 /* 181932 */,
				A90BFFE82C4F1C4400780254 /* 191831 */,
				A90BFFF32C4F1DE100780254 /* 181930 */,
				A90BFFFE2C4F232E00780254 /* 181928 */,
				A90B00092C4F24C200780254 /* 181927 */,
				A90B00142C4F260200780254 /* 181926 */,
			);
			name = Products;
			sourceTree = "<group>";
		};
		A9F7FCDE2C4E624800705039 /* 181935 */ = {
			isa = PBXGroup;
			children = (
				A9F7FCDF2C4E624800705039 /* main.swift */,
			);
			path = 181935;
			sourceTree = "<group>";
		};
		A9F7FCE92C4E626300705039 /* 181936 */ = {
			isa = PBXGroup;
			children = (
				A9F7FCEA2C4E626300705039 /* main.swift */,
			);
			path = 181936;
			sourceTree = "<group>";
		};
		A9F7FCF42C4E627B00705039 /* 181938 */ = {
			isa = PBXGroup;
			children = (
				A9F7FCF52C4E627B00705039 /* main.swift */,
			);
			path = 181938;
			sourceTree = "<group>";
		};
		A9F7FCFF2C4E628F00705039 /* 181939 */ = {
			isa = PBXGroup;
			children = (
				A9F7FD002C4E628F00705039 /* main.swift */,
			);
			path = 181939;
			sourceTree = "<group>";
		};
		A9F7FD0A2C4E62A600705039 /* 181940 */ = {
			isa = PBXGroup;
			children = (
				A9F7FD0B2C4E62A600705039 /* main.swift */,
			);
			path = 181940;
			sourceTree = "<group>";
		};
		A9F7FD152C4E62B800705039 /* 181941 */ = {
			isa = PBXGroup;
			children = (
				A9F7FD162C4E62B800705039 /* main.swift */,
			);
			path = 181941;
			sourceTree = "<group>";
		};
		A9F7FD202C4E62C900705039 /* 181942 */ = {
			isa = PBXGroup;
			children = (
				A9F7FD212C4E62C900705039 /* main.swift */,
			);
			path = 181942;
			sourceTree = "<group>";
		};
		A9F7FD2B2C4E635500705039 /* 181934 */ = {
			isa = PBXGroup;
			children = (
				A9F7FD2C2C4E635500705039 /* main.swift */,
			);
			path = 181934;
			sourceTree = "<group>";
		};
		A9F7FD362C4E652B00705039 /* 181933 */ = {
			isa = PBXGroup;
			children = (
				A9F7FD372C4E652B00705039 /* main.swift */,
			);
			path = 181933;
			sourceTree = "<group>";
		};
		A9F7FD412C4E65A700705039 /* 181932 */ = {
			isa = PBXGroup;
			children = (
				A9F7FD422C4E65A700705039 /* main.swift */,
			);
			path = 181932;
			sourceTree = "<group>";
		};
/* End PBXGroup section */

/* Begin PBXNativeTarget section */
		A90B00082C4F24C200780254 /* 181927 */ = {
			isa = PBXNativeTarget;
			buildConfigurationList = A90B000D2C4F24C200780254 /* Build configuration list for PBXNativeTarget "181927" */;
			buildPhases = (
				A90B00052C4F24C200780254 /* Sources */,
				A90B00062C4F24C200780254 /* Frameworks */,
				A90B00072C4F24C200780254 /* CopyFiles */,
			);
			buildRules = (
			);
			dependencies = (
			);
			name = 181927;
			productName = 181927;
			productReference = A90B00092C4F24C200780254 /* 181927 */;
			productType = "com.apple.product-type.tool";
		};
		A90B00132C4F260200780254 /* 181926 */ = {
			isa = PBXNativeTarget;
			buildConfigurationList = A90B00182C4F260200780254 /* Build configuration list for PBXNativeTarget "181926" */;
			buildPhases = (
				A90B00102C4F260200780254 /* Sources */,
				A90B00112C4F260200780254 /* Frameworks */,
				A90B00122C4F260200780254 /* CopyFiles */,
			);
			buildRules = (
			);
			dependencies = (
			);
			name = 181926;
			productName = 181926;
			productReference = A90B00142C4F260200780254 /* 181926 */;
			productType = "com.apple.product-type.tool";
		};
		A90BFFE72C4F1C4400780254 /* 191831 */ = {
			isa = PBXNativeTarget;
			buildConfigurationList = A90BFFEE2C4F1C4400780254 /* Build configuration list for PBXNativeTarget "191831" */;
			buildPhases = (
				A90BFFE42C4F1C4400780254 /* Sources */,
				A90BFFE52C4F1C4400780254 /* Frameworks */,
				A90BFFE62C4F1C4400780254 /* CopyFiles */,
			);
			buildRules = (
			);
			dependencies = (
			);
			name = 191831;
			productName = 191831;
			productReference = A90BFFE82C4F1C4400780254 /* 191831 */;
			productType = "com.apple.product-type.tool";
		};
		A90BFFF22C4F1DE100780254 /* 181930 */ = {
			isa = PBXNativeTarget;
			buildConfigurationList = A90BFFF72C4F1DE100780254 /* Build configuration list for PBXNativeTarget "181930" */;
			buildPhases = (
				A90BFFEF2C4F1DE100780254 /* Sources */,
				A90BFFF02C4F1DE100780254 /* Frameworks */,
				A90BFFF12C4F1DE100780254 /* CopyFiles */,
			);
			buildRules = (
			);
			dependencies = (
			);
			name = 181930;
			productName = 181930;
			productReference = A90BFFF32C4F1DE100780254 /* 181930 */;
			productType = "com.apple.product-type.tool";
		};
		A90BFFFD2C4F232E00780254 /* 181928 */ = {
			isa = PBXNativeTarget;
			buildConfigurationList = A90B00022C4F232E00780254 /* Build configuration list for PBXNativeTarget "181928" */;
			buildPhases = (
				A90BFFFA2C4F232E00780254 /* Sources */,
				A90BFFFB2C4F232E00780254 /* Frameworks */,
				A90BFFFC2C4F232E00780254 /* CopyFiles */,
			);
			buildRules = (
			);
			dependencies = (
			);
			name = 181928;
			productName = 181928;
			productReference = A90BFFFE2C4F232E00780254 /* 181928 */;
			productType = "com.apple.product-type.tool";
		};
		A9F7FCDC2C4E624800705039 /* 181935 */ = {
			isa = PBXNativeTarget;
			buildConfigurationList = A9F7FCE12C4E624800705039 /* Build configuration list for PBXNativeTarget "181935" */;
			buildPhases = (
				A9F7FCD92C4E624800705039 /* Sources */,
				A9F7FCDA2C4E624800705039 /* Frameworks */,
				A9F7FCDB2C4E624800705039 /* CopyFiles */,
			);
			buildRules = (
			);
			dependencies = (
			);
			name = 181935;
			productName = 181935;
			productReference = A9F7FCDD2C4E624800705039 /* 181935 */;
			productType = "com.apple.product-type.tool";
		};
		A9F7FCE72C4E626300705039 /* 181936 */ = {
			isa = PBXNativeTarget;
			buildConfigurationList = A9F7FCEC2C4E626300705039 /* Build configuration list for PBXNativeTarget "181936" */;
			buildPhases = (
				A9F7FCE42C4E626300705039 /* Sources */,
				A9F7FCE52C4E626300705039 /* Frameworks */,
				A9F7FCE62C4E626300705039 /* CopyFiles */,
			);
			buildRules = (
			);
			dependencies = (
			);
			name = 181936;
			productName = 181936;
			productReference = A9F7FCE82C4E626300705039 /* 181936 */;
			productType = "com.apple.product-type.tool";
		};
		A9F7FCF22C4E627B00705039 /* 181938 */ = {
			isa = PBXNativeTarget;
			buildConfigurationList = A9F7FCF72C4E627B00705039 /* Build configuration list for PBXNativeTarget "181938" */;
			buildPhases = (
				A9F7FCEF2C4E627B00705039 /* Sources */,
				A9F7FCF02C4E627B00705039 /* Frameworks */,
				A9F7FCF12C4E627B00705039 /* CopyFiles */,
			);
			buildRules = (
			);
			dependencies = (
			);
			name = 181938;
			productName = 181938;
			productReference = A9F7FCF32C4E627B00705039 /* 181938 */;
			productType = "com.apple.product-type.tool";
		};
		A9F7FCFD2C4E628F00705039 /* 181939 */ = {
			isa = PBXNativeTarget;
			buildConfigurationList = A9F7FD022C4E628F00705039 /* Build configuration list for PBXNativeTarget "181939" */;
			buildPhases = (
				A9F7FCFA2C4E628F00705039 /* Sources */,
				A9F7FCFB2C4E628F00705039 /* Frameworks */,
				A9F7FCFC2C4E628F00705039 /* CopyFiles */,
			);
			buildRules = (
			);
			dependencies = (
			);
			name = 181939;
			productName = 181939;
			productReference = A9F7FCFE2C4E628F00705039 /* 181939 */;
			productType = "com.apple.product-type.tool";
		};
		A9F7FD082C4E62A600705039 /* 181940 */ = {
			isa = PBXNativeTarget;
			buildConfigurationList = A9F7FD0D2C4E62A600705039 /* Build configuration list for PBXNativeTarget "181940" */;
			buildPhases = (
				A9F7FD052C4E62A600705039 /* Sources */,
				A9F7FD062C4E62A600705039 /* Frameworks */,
				A9F7FD072C4E62A600705039 /* CopyFiles */,
			);
			buildRules = (
			);
			dependencies = (
			);
			name = 181940;
			productName = 181940;
			productReference = A9F7FD092C4E62A600705039 /* 181940 */;
			productType = "com.apple.product-type.tool";
		};
		A9F7FD132C4E62B800705039 /* 181941 */ = {
			isa = PBXNativeTarget;
			buildConfigurationList = A9F7FD182C4E62B800705039 /* Build configuration list for PBXNativeTarget "181941" */;
			buildPhases = (
				A9F7FD102C4E62B800705039 /* Sources */,
				A9F7FD112C4E62B800705039 /* Frameworks */,
				A9F7FD122C4E62B800705039 /* CopyFiles */,
			);
			buildRules = (
			);
			dependencies = (
			);
			name = 181941;
			productName = 181941;
			productReference = A9F7FD142C4E62B800705039 /* 181941 */;
			productType = "com.apple.product-type.tool";
		};
		A9F7FD1E2C4E62C900705039 /* 181942 */ = {
			isa = PBXNativeTarget;
			buildConfigurationList = A9F7FD232C4E62C900705039 /* Build configuration list for PBXNativeTarget "181942" */;
			buildPhases = (
				A9F7FD1B2C4E62C900705039 /* Sources */,
				A9F7FD1C2C4E62C900705039 /* Frameworks */,
				A9F7FD1D2C4E62C900705039 /* CopyFiles */,
			);
			buildRules = (
			);
			dependencies = (
			);
			name = 181942;
			productName = 181942;
			productReference = A9F7FD1F2C4E62C900705039 /* 181942 */;
			productType = "com.apple.product-type.tool";
		};
		A9F7FD292C4E635500705039 /* 181934 */ = {
			isa = PBXNativeTarget;
			buildConfigurationList = A9F7FD2E2C4E635500705039 /* Build configuration list for PBXNativeTarget "181934" */;
			buildPhases = (
				A9F7FD262C4E635500705039 /* Sources */,
				A9F7FD272C4E635500705039 /* Frameworks */,
				A9F7FD282C4E635500705039 /* CopyFiles */,
			);
			buildRules = (
			);
			dependencies = (
			);
			name = 181934;
			productName = 181934;
			productReference = A9F7FD2A2C4E635500705039 /* 181934 */;
			productType = "com.apple.product-type.tool";
		};
		A9F7FD342C4E652B00705039 /* 181933 */ = {
			isa = PBXNativeTarget;
			buildConfigurationList = A9F7FD392C4E652B00705039 /* Build configuration list for PBXNativeTarget "181933" */;
			buildPhases = (
				A9F7FD312C4E652B00705039 /* Sources */,
				A9F7FD322C4E652B00705039 /* Frameworks */,
				A9F7FD332C4E652B00705039 /* CopyFiles */,
			);
			buildRules = (
			);
			dependencies = (
			);
			name = 181933;
			productName = 181933;
			productReference = A9F7FD352C4E652B00705039 /* 181933 */;
			productType = "com.apple.product-type.tool";
		};
		A9F7FD3F2C4E65A700705039 /* 181932 */ = {
			isa = PBXNativeTarget;
			buildConfigurationList = A9F7FD442C4E65A700705039 /* Build configuration list for PBXNativeTarget "181932" */;
			buildPhases = (
				A9F7FD3C2C4E65A700705039 /* Sources */,
				A9F7FD3D2C4E65A700705039 /* Frameworks */,
				A9F7FD3E2C4E65A700705039 /* CopyFiles */,
			);
			buildRules = (
			);
			dependencies = (
			);
			name = 181932;
			productName = 181932;
			productReference = A9F7FD402C4E65A700705039 /* 181932 */;
			productType = "com.apple.product-type.tool";
		};
/* End PBXNativeTarget section */

/* Begin PBXProject section */
		A93585D92C425E7E0070E066 /* Project object */ = {
			isa = PBXProject;
			attributes = {
				BuildIndependentTargetsInParallel = 1;
				LastSwiftUpdateCheck = 1540;
				LastUpgradeCheck = 1540;
				TargetAttributes = {
					A90B00082C4F24C200780254 = {
						CreatedOnToolsVersion = 15.4;
					};
					A90B00132C4F260200780254 = {
						CreatedOnToolsVersion = 15.4;
					};
					A90BFFE72C4F1C4400780254 = {
						CreatedOnToolsVersion = 15.4;
					};
					A90BFFF22C4F1DE100780254 = {
						CreatedOnToolsVersion = 15.4;
					};
					A90BFFFD2C4F232E00780254 = {
						CreatedOnToolsVersion = 15.4;
					};
					A9F7FCDC2C4E624800705039 = {
						CreatedOnToolsVersion = 15.4;
					};
					A9F7FCE72C4E626300705039 = {
						CreatedOnToolsVersion = 15.4;
					};
					A9F7FCF22C4E627B00705039 = {
						CreatedOnToolsVersion = 15.4;
					};
					A9F7FCFD2C4E628F00705039 = {
						CreatedOnToolsVersion = 15.4;
					};
					A9F7FD082C4E62A600705039 = {
						CreatedOnToolsVersion = 15.4;
					};
					A9F7FD132C4E62B800705039 = {
						CreatedOnToolsVersion = 15.4;
					};
					A9F7FD1E2C4E62C900705039 = {
						CreatedOnToolsVersion = 15.4;
					};
					A9F7FD292C4E635500705039 = {
						CreatedOnToolsVersion = 15.4;
					};
					A9F7FD342C4E652B00705039 = {
						CreatedOnToolsVersion = 15.4;
					};
					A9F7FD3F2C4E65A700705039 = {
						CreatedOnToolsVersion = 15.4;
					};
				};
			};
			buildConfigurationList = A93585DC2C425E7E0070E066 /* Build configuration list for PBXProject "programmers-phase0" */;
			compatibilityVersion = "Xcode 14.0";
			developmentRegion = en;
			hasScannedForEncodings = 0;
			knownRegions = (
				en,
				Base,
			);
			mainGroup = A93585D82C425E7E0070E066;
			productRefGroup = A93585E22C425E7E0070E066 /* Products */;
			projectDirPath = "";
			projectRoot = "";
			targets = (
				A9F7FCDC2C4E624800705039 /* 181935 */,
				A9F7FCE72C4E626300705039 /* 181936 */,
				A9F7FCF22C4E627B00705039 /* 181938 */,
				A9F7FCFD2C4E628F00705039 /* 181939 */,
				A9F7FD082C4E62A600705039 /* 181940 */,
				A9F7FD132C4E62B800705039 /* 181941 */,
				A9F7FD1E2C4E62C900705039 /* 181942 */,
				A9F7FD292C4E635500705039 /* 181934 */,
				A9F7FD342C4E652B00705039 /* 181933 */,
				A9F7FD3F2C4E65A700705039 /* 181932 */,
				A90BFFE72C4F1C4400780254 /* 191831 */,
				A90BFFF22C4F1DE100780254 /* 181930 */,
				A90BFFFD2C4F232E00780254 /* 181928 */,
				A90B00082C4F24C200780254 /* 181927 */,
				A90B00132C4F260200780254 /* 181926 */,
			);
		};
/* End PBXProject section */

/* Begin PBXSourcesBuildPhase section */
		A90B00052C4F24C200780254 /* Sources */ = {
			isa = PBXSourcesBuildPhase;
			buildActionMask = 2147483647;
			files = (
				A90B000C2C4F24C200780254 /* main.swift in Sources */,
			);
			runOnlyForDeploymentPostprocessing = 0;
		};
		A90B00102C4F260200780254 /* Sources */ = {
			isa = PBXSourcesBuildPhase;
			buildActionMask = 2147483647;
			files = (
				A90B00172C4F260200780254 /* main.swift in Sources */,
			);
			runOnlyForDeploymentPostprocessing = 0;
		};
		A90BFFE42C4F1C4400780254 /* Sources */ = {
			isa = PBXSourcesBuildPhase;
			buildActionMask = 2147483647;
			files = (
				A90BFFEB2C4F1C4400780254 /* main.swift in Sources */,
			);
			runOnlyForDeploymentPostprocessing = 0;
		};
		A90BFFEF2C4F1DE100780254 /* Sources */ = {
			isa = PBXSourcesBuildPhase;
			buildActionMask = 2147483647;
			files = (
				A90BFFF62C4F1DE100780254 /* main.swift in Sources */,
			);
			runOnlyForDeploymentPostprocessing = 0;
		};
		A90BFFFA2C4F232E00780254 /* Sources */ = {
			isa = PBXSourcesBuildPhase;
			buildActionMask = 2147483647;
			files = (
				A90B00012C4F232E00780254 /* main.swift in Sources */,
			);
			runOnlyForDeploymentPostprocessing = 0;
		};
		A9F7FCD92C4E624800705039 /* Sources */ = {
			isa = PBXSourcesBuildPhase;
			buildActionMask = 2147483647;
			files = (
				A9F7FCE02C4E624800705039 /* main.swift in Sources */,
			);
			runOnlyForDeploymentPostprocessing = 0;
		};
		A9F7FCE42C4E626300705039 /* Sources */ = {
			isa = PBXSourcesBuildPhase;
			buildActionMask = 2147483647;
			files = (
				A9F7FCEB2C4E626300705039 /* main.swift in Sources */,
			);
			runOnlyForDeploymentPostprocessing = 0;
		};
		A9F7FCEF2C4E627B00705039 /* Sources */ = {
			isa = PBXSourcesBuildPhase;
			buildActionMask = 2147483647;
			files = (
				A9F7FCF62C4E627B00705039 /* main.swift in Sources */,
			);
			runOnlyForDeploymentPostprocessing = 0;
		};
		A9F7FCFA2C4E628F00705039 /* Sources */ = {
			isa = PBXSourcesBuildPhase;
			buildActionMask = 2147483647;
			files = (
				A9F7FD012C4E628F00705039 /* main.swift in Sources */,
			);
			runOnlyForDeploymentPostprocessing = 0;
		};
		A9F7FD052C4E62A600705039 /* Sources */ = {
			isa = PBXSourcesBuildPhase;
			buildActionMask = 2147483647;
			files = (
				A9F7FD0C2C4E62A600705039 /* main.swift in Sources */,
			);
			runOnlyForDeploymentPostprocessing = 0;
		};
		A9F7FD102C4E62B800705039 /* Sources */ = {
			isa = PBXSourcesBuildPhase;
			buildActionMask = 2147483647;
			files = (
				A9F7FD172C4E62B800705039 /* main.swift in Sources */,
			);
			runOnlyForDeploymentPostprocessing = 0;
		};
		A9F7FD1B2C4E62C900705039 /* Sources */ = {
			isa = PBXSourcesBuildPhase;
			buildActionMask = 2147483647;
			files = (
				A9F7FD222C4E62C900705039 /* main.swift in Sources */,
			);
			runOnlyForDeploymentPostprocessing = 0;
		};
		A9F7FD262C4E635500705039 /* Sources */ = {
			isa = PBXSourcesBuildPhase;
			buildActionMask = 2147483647;
			files = (
				A9F7FD2D2C4E635500705039 /* main.swift in Sources */,
			);
			runOnlyForDeploymentPostprocessing = 0;
		};
		A9F7FD312C4E652B00705039 /* Sources */ = {
			isa = PBXSourcesBuildPhase;
			buildActionMask = 2147483647;
			files = (
				A9F7FD382C4E652B00705039 /* main.swift in Sources */,
			);
			runOnlyForDeploymentPostprocessing = 0;
		};
		A9F7FD3C2C4E65A700705039 /* Sources */ = {
			isa = PBXSourcesBuildPhase;
			buildActionMask = 2147483647;
			files = (
				A9F7FD432C4E65A700705039 /* main.swift in Sources */,
			);
			runOnlyForDeploymentPostprocessing = 0;
		};
/* End PBXSourcesBuildPhase section */

/* Begin XCBuildConfiguration section */
		A90B00032C4F232E00780254 /* Debug */ = {
			isa = XCBuildConfiguration;
			buildSettings = {
				CODE_SIGN_STYLE = Automatic;
				PRODUCT_NAME = "$(TARGET_NAME)";
				SWIFT_VERSION = 5.0;
			};
			name = Debug;
		};
		A90B00042C4F232E00780254 /* Release */ = {
			isa = XCBuildConfiguration;
			buildSettings = {
				CODE_SIGN_STYLE = Automatic;
				PRODUCT_NAME = "$(TARGET_NAME)";
				SWIFT_VERSION = 5.0;
			};
			name = Release;
		};
		A90B000E2C4F24C200780254 /* Debug */ = {
			isa = XCBuildConfiguration;
			buildSettings = {
				CODE_SIGN_STYLE = Automatic;
				PRODUCT_NAME = "$(TARGET_NAME)";
				SWIFT_VERSION = 5.0;
			};
			name = Debug;
		};
		A90B000F2C4F24C200780254 /* Release */ = {
			isa = XCBuildConfiguration;
			buildSettings = {
				CODE_SIGN_STYLE = Automatic;
				PRODUCT_NAME = "$(TARGET_NAME)";
				SWIFT_VERSION = 5.0;
			};
			name = Release;
		};
		A90B00192C4F260200780254 /* Debug */ = {
			isa = XCBuildConfiguration;
			buildSettings = {
				CODE_SIGN_STYLE = Automatic;
				PRODUCT_NAME = "$(TARGET_NAME)";
				SWIFT_VERSION = 5.0;
			};
			name = Debug;
		};
		A90B001A2C4F260200780254 /* Release */ = {
			isa = XCBuildConfiguration;
			buildSettings = {
				CODE_SIGN_STYLE = Automatic;
				PRODUCT_NAME = "$(TARGET_NAME)";
				SWIFT_VERSION = 5.0;
			};
			name = Release;
		};
		A90BFFEC2C4F1C4400780254 /* Debug */ = {
			isa = XCBuildConfiguration;
			buildSettings = {
				CODE_SIGN_STYLE = Automatic;
				PRODUCT_NAME = "$(TARGET_NAME)";
				SWIFT_VERSION = 5.0;
			};
			name = Debug;
		};
		A90BFFED2C4F1C4400780254 /* Release */ = {
			isa = XCBuildConfiguration;
			buildSettings = {
				CODE_SIGN_STYLE = Automatic;
				PRODUCT_NAME = "$(TARGET_NAME)";
				SWIFT_VERSION = 5.0;
			};
			name = Release;
		};
		A90BFFF82C4F1DE100780254 /* Debug */ = {
			isa = XCBuildConfiguration;
			buildSettings = {
				CODE_SIGN_STYLE = Automatic;
				PRODUCT_NAME = "$(TARGET_NAME)";
				SWIFT_VERSION = 5.0;
			};
			name = Debug;
		};
		A90BFFF92C4F1DE100780254 /* Release */ = {
			isa = XCBuildConfiguration;
			buildSettings = {
				CODE_SIGN_STYLE = Automatic;
				PRODUCT_NAME = "$(TARGET_NAME)";
				SWIFT_VERSION = 5.0;
			};
			name = Release;
		};
		A93585E62C425E7E0070E066 /* Debug */ = {
			isa = XCBuildConfiguration;
			buildSettings = {
				ALWAYS_SEARCH_USER_PATHS = NO;
				ASSETCATALOG_COMPILER_GENERATE_SWIFT_ASSET_SYMBOL_EXTENSIONS = YES;
				CLANG_ANALYZER_NONNULL = YES;
				CLANG_ANALYZER_NUMBER_OBJECT_CONVERSION = YES_AGGRESSIVE;
				CLANG_CXX_LANGUAGE_STANDARD = "gnu++20";
				CLANG_ENABLE_MODULES = YES;
				CLANG_ENABLE_OBJC_ARC = YES;
				CLANG_ENABLE_OBJC_WEAK = YES;
				CLANG_WARN_BLOCK_CAPTURE_AUTORELEASING = YES;
				CLANG_WARN_BOOL_CONVERSION = YES;
				CLANG_WARN_COMMA = YES;
				CLANG_WARN_CONSTANT_CONVERSION = YES;
				CLANG_WARN_DEPRECATED_OBJC_IMPLEMENTATIONS = YES;
				CLANG_WARN_DIRECT_OBJC_ISA_USAGE = YES_ERROR;
				CLANG_WARN_DOCUMENTATION_COMMENTS = YES;
				CLANG_WARN_EMPTY_BODY = YES;
				CLANG_WARN_ENUM_CONVERSION = YES;
				CLANG_WARN_INFINITE_RECURSION = YES;
				CLANG_WARN_INT_CONVERSION = YES;
				CLANG_WARN_NON_LITERAL_NULL_CONVERSION = YES;
				CLANG_WARN_OBJC_IMPLICIT_RETAIN_SELF = YES;
				CLANG_WARN_OBJC_LITERAL_CONVERSION = YES;
				CLANG_WARN_OBJC_ROOT_CLASS = YES_ERROR;
				CLANG_WARN_QUOTED_INCLUDE_IN_FRAMEWORK_HEADER = YES;
				CLANG_WARN_RANGE_LOOP_ANALYSIS = YES;
				CLANG_WARN_STRICT_PROTOTYPES = YES;
				CLANG_WARN_SUSPICIOUS_MOVE = YES;
				CLANG_WARN_UNGUARDED_AVAILABILITY = YES_AGGRESSIVE;
				CLANG_WARN_UNREACHABLE_CODE = YES;
				CLANG_WARN__DUPLICATE_METHOD_MATCH = YES;
				COPY_PHASE_STRIP = NO;
				DEBUG_INFORMATION_FORMAT = dwarf;
				ENABLE_STRICT_OBJC_MSGSEND = YES;
				ENABLE_TESTABILITY = YES;
				ENABLE_USER_SCRIPT_SANDBOXING = YES;
				GCC_C_LANGUAGE_STANDARD = gnu17;
				GCC_DYNAMIC_NO_PIC = NO;
				GCC_NO_COMMON_BLOCKS = YES;
				GCC_OPTIMIZATION_LEVEL = 0;
				GCC_PREPROCESSOR_DEFINITIONS = (
					"DEBUG=1",
					"$(inherited)",
				);
				GCC_WARN_64_TO_32_BIT_CONVERSION = YES;
				GCC_WARN_ABOUT_RETURN_TYPE = YES_ERROR;
				GCC_WARN_UNDECLARED_SELECTOR = YES;
				GCC_WARN_UNINITIALIZED_AUTOS = YES_AGGRESSIVE;
				GCC_WARN_UNUSED_FUNCTION = YES;
				GCC_WARN_UNUSED_VARIABLE = YES;
				LOCALIZATION_PREFERS_STRING_CATALOGS = YES;
				MACOSX_DEPLOYMENT_TARGET = 14.5;
				MTL_ENABLE_DEBUG_INFO = INCLUDE_SOURCE;
				MTL_FAST_MATH = YES;
				ONLY_ACTIVE_ARCH = YES;
				SDKROOT = macosx;
				SWIFT_ACTIVE_COMPILATION_CONDITIONS = "DEBUG $(inherited)";
				SWIFT_OPTIMIZATION_LEVEL = "-Onone";
			};
			name = Debug;
		};
		A93585E72C425E7E0070E066 /* Release */ = {
			isa = XCBuildConfiguration;
			buildSettings = {
				ALWAYS_SEARCH_USER_PATHS = NO;
				ASSETCATALOG_COMPILER_GENERATE_SWIFT_ASSET_SYMBOL_EXTENSIONS = YES;
				CLANG_ANALYZER_NONNULL = YES;
				CLANG_ANALYZER_NUMBER_OBJECT_CONVERSION = YES_AGGRESSIVE;
				CLANG_CXX_LANGUAGE_STANDARD = "gnu++20";
				CLANG_ENABLE_MODULES = YES;
				CLANG_ENABLE_OBJC_ARC = YES;
				CLANG_ENABLE_OBJC_WEAK = YES;
				CLANG_WARN_BLOCK_CAPTURE_AUTORELEASING = YES;
				CLANG_WARN_BOOL_CONVERSION = YES;
				CLANG_WARN_COMMA = YES;
				CLANG_WARN_CONSTANT_CONVERSION = YES;
				CLANG_WARN_DEPRECATED_OBJC_IMPLEMENTATIONS = YES;
				CLANG_WARN_DIRECT_OBJC_ISA_USAGE = YES_ERROR;
				CLANG_WARN_DOCUMENTATION_COMMENTS = YES;
				CLANG_WARN_EMPTY_BODY = YES;
				CLANG_WARN_ENUM_CONVERSION = YES;
				CLANG_WARN_INFINITE_RECURSION = YES;
				CLANG_WARN_INT_CONVERSION = YES;
				CLANG_WARN_NON_LITERAL_NULL_CONVERSION = YES;
				CLANG_WARN_OBJC_IMPLICIT_RETAIN_SELF = YES;
				CLANG_WARN_OBJC_LITERAL_CONVERSION = YES;
				CLANG_WARN_OBJC_ROOT_CLASS = YES_ERROR;
				CLANG_WARN_QUOTED_INCLUDE_IN_FRAMEWORK_HEADER = YES;
				CLANG_WARN_RANGE_LOOP_ANALYSIS = YES;
				CLANG_WARN_STRICT_PROTOTYPES = YES;
				CLANG_WARN_SUSPICIOUS_MOVE = YES;
				CLANG_WARN_UNGUARDED_AVAILABILITY = YES_AGGRESSIVE;
				CLANG_WARN_UNREACHABLE_CODE = YES;
				CLANG_WARN__DUPLICATE_METHOD_MATCH = YES;
				COPY_PHASE_STRIP = NO;
				DEBUG_INFORMATION_FORMAT = "dwarf-with-dsym";
				ENABLE_NS_ASSERTIONS = NO;
				ENABLE_STRICT_OBJC_MSGSEND = YES;
				ENABLE_USER_SCRIPT_SANDBOXING = YES;
				GCC_C_LANGUAGE_STANDARD = gnu17;
				GCC_NO_COMMON_BLOCKS = YES;
				GCC_WARN_64_TO_32_BIT_CONVERSION = YES;
				GCC_WARN_ABOUT_RETURN_TYPE = YES_ERROR;
				GCC_WARN_UNDECLARED_SELECTOR = YES;
				GCC_WARN_UNINITIALIZED_AUTOS = YES_AGGRESSIVE;
				GCC_WARN_UNUSED_FUNCTION = YES;
				GCC_WARN_UNUSED_VARIABLE = YES;
				LOCALIZATION_PREFERS_STRING_CATALOGS = YES;
				MACOSX_DEPLOYMENT_TARGET = 14.5;
				MTL_ENABLE_DEBUG_INFO = NO;
				MTL_FAST_MATH = YES;
				SDKROOT = macosx;
				SWIFT_COMPILATION_MODE = wholemodule;
			};
			name = Release;
		};
		A9F7FCE22C4E624800705039 /* Debug */ = {
			isa = XCBuildConfiguration;
			buildSettings = {
				CODE_SIGN_STYLE = Automatic;
				PRODUCT_NAME = "$(TARGET_NAME)";
				SWIFT_VERSION = 5.0;
			};
			name = Debug;
		};
		A9F7FCE32C4E624800705039 /* Release */ = {
			isa = XCBuildConfiguration;
			buildSettings = {
				CODE_SIGN_STYLE = Automatic;
				PRODUCT_NAME = "$(TARGET_NAME)";
				SWIFT_VERSION = 5.0;
			};
			name = Release;
		};
		A9F7FCED2C4E626300705039 /* Debug */ = {
			isa = XCBuildConfiguration;
			buildSettings = {
				CODE_SIGN_STYLE = Automatic;
				PRODUCT_NAME = "$(TARGET_NAME)";
				SWIFT_VERSION = 5.0;
			};
			name = Debug;
		};
		A9F7FCEE2C4E626300705039 /* Release */ = {
			isa = XCBuildConfiguration;
			buildSettings = {
				CODE_SIGN_STYLE = Automatic;
				PRODUCT_NAME = "$(TARGET_NAME)";
				SWIFT_VERSION = 5.0;
			};
			name = Release;
		};
		A9F7FCF82C4E627B00705039 /* Debug */ = {
			isa = XCBuildConfiguration;
			buildSettings = {
				CODE_SIGN_STYLE = Automatic;
				PRODUCT_NAME = "$(TARGET_NAME)";
				SWIFT_VERSION = 5.0;
			};
			name = Debug;
		};
		A9F7FCF92C4E627B00705039 /* Release */ = {
			isa = XCBuildConfiguration;
			buildSettings = {
				CODE_SIGN_STYLE = Automatic;
				PRODUCT_NAME = "$(TARGET_NAME)";
				SWIFT_VERSION = 5.0;
			};
			name = Release;
		};
		A9F7FD032C4E628F00705039 /* Debug */ = {
			isa = XCBuildConfiguration;
			buildSettings = {
				CODE_SIGN_STYLE = Automatic;
				PRODUCT_NAME = "$(TARGET_NAME)";
				SWIFT_VERSION = 5.0;
			};
			name = Debug;
		};
		A9F7FD042C4E628F00705039 /* Release */ = {
			isa = XCBuildConfiguration;
			buildSettings = {
				CODE_SIGN_STYLE = Automatic;
				PRODUCT_NAME = "$(TARGET_NAME)";
				SWIFT_VERSION = 5.0;
			};
			name = Release;
		};
		A9F7FD0E2C4E62A600705039 /* Debug */ = {
			isa = XCBuildConfiguration;
			buildSettings = {
				CODE_SIGN_STYLE = Automatic;
				PRODUCT_NAME = "$(TARGET_NAME)";
				SWIFT_VERSION = 5.0;
			};
			name = Debug;
		};
		A9F7FD0F2C4E62A600705039 /* Release */ = {
			isa = XCBuildConfiguration;
			buildSettings = {
				CODE_SIGN_STYLE = Automatic;
				PRODUCT_NAME = "$(TARGET_NAME)";
				SWIFT_VERSION = 5.0;
			};
			name = Release;
		};
		A9F7FD192C4E62B800705039 /* Debug */ = {
			isa = XCBuildConfiguration;
			buildSettings = {
				CODE_SIGN_STYLE = Automatic;
				PRODUCT_NAME = "$(TARGET_NAME)";
				SWIFT_VERSION = 5.0;
			};
			name = Debug;
		};
		A9F7FD1A2C4E62B800705039 /* Release */ = {
			isa = XCBuildConfiguration;
			buildSettings = {
				CODE_SIGN_STYLE = Automatic;
				PRODUCT_NAME = "$(TARGET_NAME)";
				SWIFT_VERSION = 5.0;
			};
			name = Release;
		};
		A9F7FD242C4E62C900705039 /* Debug */ = {
			isa = XCBuildConfiguration;
			buildSettings = {
				CODE_SIGN_STYLE = Automatic;
				PRODUCT_NAME = "$(TARGET_NAME)";
				SWIFT_VERSION = 5.0;
			};
			name = Debug;
		};
		A9F7FD252C4E62C900705039 /* Release */ = {
			isa = XCBuildConfiguration;
			buildSettings = {
				CODE_SIGN_STYLE = Automatic;
				PRODUCT_NAME = "$(TARGET_NAME)";
				SWIFT_VERSION = 5.0;
			};
			name = Release;
		};
		A9F7FD2F2C4E635500705039 /* Debug */ = {
			isa = XCBuildConfiguration;
			buildSettings = {
				CODE_SIGN_STYLE = Automatic;
				PRODUCT_NAME = "$(TARGET_NAME)";
				SWIFT_VERSION = 5.0;
			};
			name = Debug;
		};
		A9F7FD302C4E635500705039 /* Release */ = {
			isa = XCBuildConfiguration;
			buildSettings = {
				CODE_SIGN_STYLE = Automatic;
				PRODUCT_NAME = "$(TARGET_NAME)";
				SWIFT_VERSION = 5.0;
			};
			name = Release;
		};
		A9F7FD3A2C4E652B00705039 /* Debug */ = {
			isa = XCBuildConfiguration;
			buildSettings = {
				CODE_SIGN_STYLE = Automatic;
				PRODUCT_NAME = "$(TARGET_NAME)";
				SWIFT_VERSION = 5.0;
			};
			name = Debug;
		};
		A9F7FD3B2C4E652B00705039 /* Release */ = {
			isa = XCBuildConfiguration;
			buildSettings = {
				CODE_SIGN_STYLE = Automatic;
				PRODUCT_NAME = "$(TARGET_NAME)";
				SWIFT_VERSION = 5.0;
			};
			name = Release;
		};
		A9F7FD452C4E65A700705039 /* Debug */ = {
			isa = XCBuildConfiguration;
			buildSettings = {
				CODE_SIGN_STYLE = Automatic;
				PRODUCT_NAME = "$(TARGET_NAME)";
				SWIFT_VERSION = 5.0;
			};
			name = Debug;
		};
		A9F7FD462C4E65A700705039 /* Release */ = {
			isa = XCBuildConfiguration;
			buildSettings = {
				CODE_SIGN_STYLE = Automatic;
				PRODUCT_NAME = "$(TARGET_NAME)";
				SWIFT_VERSION = 5.0;
			};
			name = Release;
		};
/* End XCBuildConfiguration section */

/* Begin XCConfigurationList section */
		A90B00022C4F232E00780254 /* Build configuration list for PBXNativeTarget "181928" */ = {
			isa = XCConfigurationList;
			buildConfigurations = (
				A90B00032C4F232E00780254 /* Debug */,
				A90B00042C4F232E00780254 /* Release */,
			);
			defaultConfigurationIsVisible = 0;
			defaultConfigurationName = Release;
		};
		A90B000D2C4F24C200780254 /* Build configuration list for PBXNativeTarget "181927" */ = {
			isa = XCConfigurationList;
			buildConfigurations = (
				A90B000E2C4F24C200780254 /* Debug */,
				A90B000F2C4F24C200780254 /* Release */,
			);
			defaultConfigurationIsVisible = 0;
			defaultConfigurationName = Release;
		};
		A90B00182C4F260200780254 /* Build configuration list for PBXNativeTarget "181926" */ = {
			isa = XCConfigurationList;
			buildConfigurations = (
				A90B00192C4F260200780254 /* Debug */,
				A90B001A2C4F260200780254 /* Release */,
			);
			defaultConfigurationIsVisible = 0;
			defaultConfigurationName = Release;
		};
		A90BFFEE2C4F1C4400780254 /* Build configuration list for PBXNativeTarget "191831" */ = {
			isa = XCConfigurationList;
			buildConfigurations = (
				A90BFFEC2C4F1C4400780254 /* Debug */,
				A90BFFED2C4F1C4400780254 /* Release */,
			);
			defaultConfigurationIsVisible = 0;
			defaultConfigurationName = Release;
		};
		A90BFFF72C4F1DE100780254 /* Build configuration list for PBXNativeTarget "181930" */ = {
			isa = XCConfigurationList;
			buildConfigurations = (
				A90BFFF82C4F1DE100780254 /* Debug */,
				A90BFFF92C4F1DE100780254 /* Release */,
			);
			defaultConfigurationIsVisible = 0;
			defaultConfigurationName = Release;
		};
		A93585DC2C425E7E0070E066 /* Build configuration list for PBXProject "programmers-phase0" */ = {
			isa = XCConfigurationList;
			buildConfigurations = (
				A93585E62C425E7E0070E066 /* Debug */,
				A93585E72C425E7E0070E066 /* Release */,
			);
			defaultConfigurationIsVisible = 0;
			defaultConfigurationName = Release;
		};
		A9F7FCE12C4E624800705039 /* Build configuration list for PBXNativeTarget "181935" */ = {
			isa = XCConfigurationList;
			buildConfigurations = (
				A9F7FCE22C4E624800705039 /* Debug */,
				A9F7FCE32C4E624800705039 /* Release */,
			);
			defaultConfigurationIsVisible = 0;
			defaultConfigurationName = Release;
		};
		A9F7FCEC2C4E626300705039 /* Build configuration list for PBXNativeTarget "181936" */ = {
			isa = XCConfigurationList;
			buildConfigurations = (
				A9F7FCED2C4E626300705039 /* Debug */,
				A9F7FCEE2C4E626300705039 /* Release */,
			);
			defaultConfigurationIsVisible = 0;
			defaultConfigurationName = Release;
		};
		A9F7FCF72C4E627B00705039 /* Build configuration list for PBXNativeTarget "181938" */ = {
			isa = XCConfigurationList;
			buildConfigurations = (
				A9F7FCF82C4E627B00705039 /* Debug */,
				A9F7FCF92C4E627B00705039 /* Release */,
			);
			defaultConfigurationIsVisible = 0;
			defaultConfigurationName = Release;
		};
		A9F7FD022C4E628F00705039 /* Build configuration list for PBXNativeTarget "181939" */ = {
			isa = XCConfigurationList;
			buildConfigurations = (
				A9F7FD032C4E628F00705039 /* Debug */,
				A9F7FD042C4E628F00705039 /* Release */,
			);
			defaultConfigurationIsVisible = 0;
			defaultConfigurationName = Release;
		};
		A9F7FD0D2C4E62A600705039 /* Build configuration list for PBXNativeTarget "181940" */ = {
			isa = XCConfigurationList;
			buildConfigurations = (
				A9F7FD0E2C4E62A600705039 /* Debug */,
				A9F7FD0F2C4E62A600705039 /* Release */,
			);
			defaultConfigurationIsVisible = 0;
			defaultConfigurationName = Release;
		};
		A9F7FD182C4E62B800705039 /* Build configuration list for PBXNativeTarget "181941" */ = {
			isa = XCConfigurationList;
			buildConfigurations = (
				A9F7FD192C4E62B800705039 /* Debug */,
				A9F7FD1A2C4E62B800705039 /* Release */,
			);
			defaultConfigurationIsVisible = 0;
			defaultConfigurationName = Release;
		};
		A9F7FD232C4E62C900705039 /* Build configuration list for PBXNativeTarget "181942" */ = {
			isa = XCConfigurationList;
			buildConfigurations = (
				A9F7FD242C4E62C900705039 /* Debug */,
				A9F7FD252C4E62C900705039 /* Release */,
			);
			defaultConfigurationIsVisible = 0;
			defaultConfigurationName = Release;
		};
		A9F7FD2E2C4E635500705039 /* Build configuration list for PBXNativeTarget "181934" */ = {
			isa = XCConfigurationList;
			buildConfigurations = (
				A9F7FD2F2C4E635500705039 /* Debug */,
				A9F7FD302C4E635500705039 /* Release */,
			);
			defaultConfigurationIsVisible = 0;
			defaultConfigurationName = Release;
		};
		A9F7FD392C4E652B00705039 /* Build configuration list for PBXNativeTarget "181933" */ = {
			isa = XCConfigurationList;
			buildConfigurations = (
				A9F7FD3A2C4E652B00705039 /* Debug */,
				A9F7FD3B2C4E652B00705039 /* Release */,
			);
			defaultConfigurationIsVisible = 0;
			defaultConfigurationName = Release;
		};
		A9F7FD442C4E65A700705039 /* Build configuration list for PBXNativeTarget "181932" */ = {
			isa = XCConfigurationList;
			buildConfigurations = (
				A9F7FD452C4E65A700705039 /* Debug */,
				A9F7FD462C4E65A700705039 /* Release */,
			);
			defaultConfigurationIsVisible = 0;
			defaultConfigurationName = Release;
		};
/* End XCConfigurationList section */
	};
	rootObject = A93585D92C425E7E0070E066 /* Project object */;
}
